PODS:
  - Alamofire (5.6.2)
  - DLRadioButton (1.4.12)
  - IQKeyboardManagerSwift (6.5.10)
<<<<<<< HEAD
<<<<<<< HEAD
  - lottie-ios (4.1.2)
=======
>>>>>>> parent of a7db6f8 (init: 초기 업로드)
=======
>>>>>>> parent of a7db6f8 (init: 초기 업로드)

DEPENDENCIES:
  - Alamofire
  - DLRadioButton (~> 1.4)
  - IQKeyboardManagerSwift
<<<<<<< HEAD
<<<<<<< HEAD
  - lottie-ios
=======
>>>>>>> parent of a7db6f8 (init: 초기 업로드)
=======
>>>>>>> parent of a7db6f8 (init: 초기 업로드)

SPEC REPOS:
  trunk:
    - Alamofire
    - DLRadioButton
    - IQKeyboardManagerSwift
<<<<<<< HEAD
<<<<<<< HEAD
    - lottie-ios
=======
>>>>>>> parent of a7db6f8 (init: 초기 업로드)
=======
>>>>>>> parent of a7db6f8 (init: 초기 업로드)

SPEC CHECKSUMS:
  Alamofire: d368e1ff8a298e6dde360e35a3e68e6c610e7204
  DLRadioButton: d7c4e225ed0e8013cef7be61455230c7557ad7c1
  IQKeyboardManagerSwift: 52962c76ab33532f15ad9f3ff4e5715eda5335bb
<<<<<<< HEAD
<<<<<<< HEAD
  lottie-ios: b3846a9fa8ca1a1a3bebfa256ebe8b6fd4aaaaad

PODFILE CHECKSUM: b7f31d02d32749b925bd70b5f611788d711e9122
=======

PODFILE CHECKSUM: 7d7ca2b92fb3f5c95d86b550e72404545e6ea215
>>>>>>> parent of a7db6f8 (init: 초기 업로드)
=======

PODFILE CHECKSUM: 7d7ca2b92fb3f5c95d86b550e72404545e6ea215
>>>>>>> parent of a7db6f8 (init: 초기 업로드)

COCOAPODS: 1.11.3
