// !$*UTF8*$!
{
	archiveVersion = 1;
	classes = {
	};
	objectVersion = 56;
	objects = {

/* Begin PBXBuildFile section */
		210A9E8429713D9B0063972B /* Search.storyboard in Resources */ = {isa = PBXBuildFile; fileRef = 210A9E8329713D9B0063972B /* Search.storyboard */; };
		210A9E8629713DC00063972B /* SearchViewController.swift in Sources */ = {isa = PBXBuildFile; fileRef = 210A9E8529713DC00063972B /* SearchViewController.swift */; };
		210A9E8829714A660063972B /* SearchHistoryDataModel.swift in Sources */ = {isa = PBXBuildFile; fileRef = 210A9E8729714A660063972B /* SearchHistoryDataModel.swift */; };
		210A9E8A29714A8A0063972B /* SearchContainerViewController.swift in Sources */ = {isa = PBXBuildFile; fileRef = 210A9E8929714A8A0063972B /* SearchContainerViewController.swift */; };
		210A9E8D29714B100063972B /* SearchKeywordTableViewCell.swift in Sources */ = {isa = PBXBuildFile; fileRef = 210A9E8B29714B100063972B /* SearchKeywordTableViewCell.swift */; };
		210A9E8E29714B100063972B /* SearchKeywordTableViewCell.xib in Resources */ = {isa = PBXBuildFile; fileRef = 210A9E8C29714B100063972B /* SearchKeywordTableViewCell.xib */; };
		211E919C29741B8E00BD406C /* AddPost.storyboard in Resources */ = {isa = PBXBuildFile; fileRef = 211E919B29741B8E00BD406C /* AddPost.storyboard */; };
		2133B7A5297419290037D85D /* AddPostViewController.swift in Sources */ = {isa = PBXBuildFile; fileRef = 2133B7A4297419290037D85D /* AddPostViewController.swift */; };
		21348A1B297677F4002190E5 /* ReportViewController.swift in Sources */ = {isa = PBXBuildFile; fileRef = 21348A1A297677F4002190E5 /* ReportViewController.swift */; };
		213812402977A58700EC7B26 /* Post.storyboard in Resources */ = {isa = PBXBuildFile; fileRef = 2138123F2977A58700EC7B26 /* Post.storyboard */; };
		213812422977A5A800EC7B26 /* PostViewController.swift in Sources */ = {isa = PBXBuildFile; fileRef = 213812412977A5A800EC7B26 /* PostViewController.swift */; };
		216023A429708131009DA16E /* Home.storyboard in Resources */ = {isa = PBXBuildFile; fileRef = 216023A329708131009DA16E /* Home.storyboard */; };
		2174690F29828662006B7950 /* PostCommentDataModel.swift in Sources */ = {isa = PBXBuildFile; fileRef = 2174690E29828662006B7950 /* PostCommentDataModel.swift */; };
		218DA9052970847F00D76C03 /* BestForumCollectionViewCell.swift in Sources */ = {isa = PBXBuildFile; fileRef = 218DA9032970847F00D76C03 /* BestForumCollectionViewCell.swift */; };
		218DA9062970847F00D76C03 /* BestForumCollectionViewCell.xib in Resources */ = {isa = PBXBuildFile; fileRef = 218DA9042970847F00D76C03 /* BestForumCollectionViewCell.xib */; };
		218DA908297084A700D76C03 /* BestForumDataModel.swift in Sources */ = {isa = PBXBuildFile; fileRef = 218DA907297084A700D76C03 /* BestForumDataModel.swift */; };
		218DA90D297084B200D76C03 /* ForumTableViewCell.xib in Resources */ = {isa = PBXBuildFile; fileRef = 218DA909297084B200D76C03 /* ForumTableViewCell.xib */; };
		218DA90E297084B200D76C03 /* BestForumTableViewCell.xib in Resources */ = {isa = PBXBuildFile; fileRef = 218DA90A297084B200D76C03 /* BestForumTableViewCell.xib */; };
		218DA90F297084B200D76C03 /* ForumTableViewCell.swift in Sources */ = {isa = PBXBuildFile; fileRef = 218DA90B297084B200D76C03 /* ForumTableViewCell.swift */; };
		218DA910297084B200D76C03 /* BestForumTableViewCell.swift in Sources */ = {isa = PBXBuildFile; fileRef = 218DA90C297084B200D76C03 /* BestForumTableViewCell.swift */; };
		2195E0F0297672AA00203C49 /* Report.storyboard in Resources */ = {isa = PBXBuildFile; fileRef = 2195E0EF297672AA00203C49 /* Report.storyboard */; };
		2196C3882988F53700EFC282 /* SelectScript.storyboard in Resources */ = {isa = PBXBuildFile; fileRef = 2196C3872988F53700EFC282 /* SelectScript.storyboard */; };
		2196C38A2988F55A00EFC282 /* SelectScriptViewController.swift in Sources */ = {isa = PBXBuildFile; fileRef = 2196C3892988F55A00EFC282 /* SelectScriptViewController.swift */; };
		21A6B4A82980E70200F084F6 /* PostContentTableViewCell.swift in Sources */ = {isa = PBXBuildFile; fileRef = 21A6B4A62980E70200F084F6 /* PostContentTableViewCell.swift */; };
		21A6B4A92980E70200F084F6 /* PostContentTableViewCell.xib in Resources */ = {isa = PBXBuildFile; fileRef = 21A6B4A72980E70200F084F6 /* PostContentTableViewCell.xib */; };
		21A6B4AC2980F76A00F084F6 /* NumofLikesTableViewCell.swift in Sources */ = {isa = PBXBuildFile; fileRef = 21A6B4AA2980F76A00F084F6 /* NumofLikesTableViewCell.swift */; };
		21A6B4AD2980F76A00F084F6 /* NumofLikesTableViewCell.xib in Resources */ = {isa = PBXBuildFile; fileRef = 21A6B4AB2980F76A00F084F6 /* NumofLikesTableViewCell.xib */; };
		21A6B4B02980FA4B00F084F6 /* NumOfCommentsTableViewCell.swift in Sources */ = {isa = PBXBuildFile; fileRef = 21A6B4AE2980FA4B00F084F6 /* NumOfCommentsTableViewCell.swift */; };
		21A6B4B12980FA4B00F084F6 /* NumOfCommentsTableViewCell.xib in Resources */ = {isa = PBXBuildFile; fileRef = 21A6B4AF2980FA4B00F084F6 /* NumOfCommentsTableViewCell.xib */; };
		21A6B4B42980FED300F084F6 /* PostCommentsTableViewCell.swift in Sources */ = {isa = PBXBuildFile; fileRef = 21A6B4B22980FED300F084F6 /* PostCommentsTableViewCell.swift */; };
		21A6B4B52980FED300F084F6 /* PostCommentsTableViewCell.xib in Resources */ = {isa = PBXBuildFile; fileRef = 21A6B4B32980FED300F084F6 /* PostCommentsTableViewCell.xib */; };
		21A749BB2977AB4E00EBFE82 /* ViewControllerConstants.swift in Sources */ = {isa = PBXBuildFile; fileRef = 21A749BA2977AB4E00EBFE82 /* ViewControllerConstants.swift */; };
		21D1B40E29879A0300CDBE05 /* NestedCommentTableViewCell.swift in Sources */ = {isa = PBXBuildFile; fileRef = 21D1B40C29879A0300CDBE05 /* NestedCommentTableViewCell.swift */; };
		21D1B40F29879A0300CDBE05 /* NestedCommentTableViewCell.xib in Resources */ = {isa = PBXBuildFile; fileRef = 21D1B40D29879A0300CDBE05 /* NestedCommentTableViewCell.xib */; };
		21D4B6E429791A8200D7B485 /* ReportAlert.storyboard in Resources */ = {isa = PBXBuildFile; fileRef = 21D4B6E329791A8200D7B485 /* ReportAlert.storyboard */; };
		21D4B6E629791D3600D7B485 /* CustomAlertViewController.swift in Sources */ = {isa = PBXBuildFile; fileRef = 21D4B6E529791D3600D7B485 /* CustomAlertViewController.swift */; };
		21EB2F83297FD47600259C6D /* UserProfileTableViewCell.swift in Sources */ = {isa = PBXBuildFile; fileRef = 21EB2F81297FD47600259C6D /* UserProfileTableViewCell.swift */; };
		21EB2F84297FD47600259C6D /* UserProfileTableViewCell.xib in Resources */ = {isa = PBXBuildFile; fileRef = 21EB2F82297FD47600259C6D /* UserProfileTableViewCell.xib */; };
		5E32FC12296955910010A376 /* AppDelegate.swift in Sources */ = {isa = PBXBuildFile; fileRef = 5E32FC11296955910010A376 /* AppDelegate.swift */; };
		5E32FC14296955910010A376 /* SceneDelegate.swift in Sources */ = {isa = PBXBuildFile; fileRef = 5E32FC13296955910010A376 /* SceneDelegate.swift */; };
		5E32FC16296955910010A376 /* HomeViewController.swift in Sources */ = {isa = PBXBuildFile; fileRef = 5E32FC15296955910010A376 /* HomeViewController.swift */; };
		5E32FC19296955910010A376 /* Main.storyboard in Resources */ = {isa = PBXBuildFile; fileRef = 5E32FC17296955910010A376 /* Main.storyboard */; };
		5E32FC1B296955930010A376 /* Assets.xcassets in Resources */ = {isa = PBXBuildFile; fileRef = 5E32FC1A296955930010A376 /* Assets.xcassets */; };
		5E32FC1E296955930010A376 /* LaunchScreen.storyboard in Resources */ = {isa = PBXBuildFile; fileRef = 5E32FC1C296955930010A376 /* LaunchScreen.storyboard */; };
		5E32FC29296955930010A376 /* UMC_iOS_Ver_1Tests.swift in Sources */ = {isa = PBXBuildFile; fileRef = 5E32FC28296955930010A376 /* UMC_iOS_Ver_1Tests.swift */; };
		5E32FC33296955930010A376 /* UMC_iOS_Ver_1UITests.swift in Sources */ = {isa = PBXBuildFile; fileRef = 5E32FC32296955930010A376 /* UMC_iOS_Ver_1UITests.swift */; };
		5E32FC35296955930010A376 /* UMC_iOS_Ver_1UITestsLaunchTests.swift in Sources */ = {isa = PBXBuildFile; fileRef = 5E32FC34296955930010A376 /* UMC_iOS_Ver_1UITestsLaunchTests.swift */; };
		5E32FC45296956470010A376 /* Constant.swift in Sources */ = {isa = PBXBuildFile; fileRef = 5E32FC44296956470010A376 /* Constant.swift */; };
		5E32FC48296956A40010A376 /* IndicatorView.swift in Sources */ = {isa = PBXBuildFile; fileRef = 5E32FC47296956A40010A376 /* IndicatorView.swift */; };
		5E32FC4B296956EB0010A376 /* Date.swift in Sources */ = {isa = PBXBuildFile; fileRef = 5E32FC4A296956EB0010A376 /* Date.swift */; };
		5E32FC4D296957030010A376 /* UIColor.swift in Sources */ = {isa = PBXBuildFile; fileRef = 5E32FC4C296957030010A376 /* UIColor.swift */; };
		5E32FC4F296957170010A376 /* CustomSegmentedControl.swift in Sources */ = {isa = PBXBuildFile; fileRef = 5E32FC4E296957170010A376 /* CustomSegmentedControl.swift */; };
		5E32FC51296957350010A376 /* String.swift in Sources */ = {isa = PBXBuildFile; fileRef = 5E32FC50296957350010A376 /* String.swift */; };
		5E32FC532969574E0010A376 /* UIButton.swift in Sources */ = {isa = PBXBuildFile; fileRef = 5E32FC522969574E0010A376 /* UIButton.swift */; };
		5E32FC552969576A0010A376 /* UIViewController.swift in Sources */ = {isa = PBXBuildFile; fileRef = 5E32FC542969576A0010A376 /* UIViewController.swift */; };
		5E32FC57296957840010A376 /* UIImageView.swift in Sources */ = {isa = PBXBuildFile; fileRef = 5E32FC56296957840010A376 /* UIImageView.swift */; };
		5E32FC592969579B0010A376 /* UIFont.swift in Sources */ = {isa = PBXBuildFile; fileRef = 5E32FC582969579B0010A376 /* UIFont.swift */; };
		5E32FC5B296957BB0010A376 /* UITextField.swift in Sources */ = {isa = PBXBuildFile; fileRef = 5E32FC5A296957BB0010A376 /* UITextField.swift */; };
		5E32FC5D296957CE0010A376 /* CustomTextField.swift in Sources */ = {isa = PBXBuildFile; fileRef = 5E32FC5C296957CE0010A376 /* CustomTextField.swift */; };
		5E32FC6329695CF20010A376 /* ScriptPractice.storyboard in Resources */ = {isa = PBXBuildFile; fileRef = 5E32FC6229695CF20010A376 /* ScriptPractice.storyboard */; };
		5E32FC6529695CFC0010A376 /* InterviewPractice.storyboard in Resources */ = {isa = PBXBuildFile; fileRef = 5E32FC6429695CFC0010A376 /* InterviewPractice.storyboard */; };
		5E32FC6729695D060010A376 /* MyPage.storyboard in Resources */ = {isa = PBXBuildFile; fileRef = 5E32FC6629695D060010A376 /* MyPage.storyboard */; };
		5E32FC6929695DE90010A376 /* ScriptPracticeViewController.swift in Sources */ = {isa = PBXBuildFile; fileRef = 5E32FC6829695DE90010A376 /* ScriptPracticeViewController.swift */; };
		5E32FC6B29695DF60010A376 /* InterviewPracticeViewController.swift in Sources */ = {isa = PBXBuildFile; fileRef = 5E32FC6A29695DF60010A376 /* InterviewPracticeViewController.swift */; };
		5E32FC6D29695DFF0010A376 /* MyPageViewController.swift in Sources */ = {isa = PBXBuildFile; fileRef = 5E32FC6C29695DFF0010A376 /* MyPageViewController.swift */; };
		6778D2355D99D72941DEBC63 /* Pods_UMC_iOS_Ver_1_UMC_iOS_Ver_1UITests.framework in Frameworks */ = {isa = PBXBuildFile; fileRef = B6F6FA7EC2A2DF7ADD8C68E3 /* Pods_UMC_iOS_Ver_1_UMC_iOS_Ver_1UITests.framework */; };
		89028EC2296C6B3800B28DB7 /* ScriptEdit.storyboard in Resources */ = {isa = PBXBuildFile; fileRef = 89028EC1296C6B3800B28DB7 /* ScriptEdit.storyboard */; };
		89028EC4296C6B5900B28DB7 /* ScriptEditTabmanViewController.swift in Sources */ = {isa = PBXBuildFile; fileRef = 89028EC3296C6B5900B28DB7 /* ScriptEditTabmanViewController.swift */; };
		89273C062977A80100208B6D /* ScriptPTCollectionViewCell.swift in Sources */ = {isa = PBXBuildFile; fileRef = 89273C052977A80100208B6D /* ScriptPTCollectionViewCell.swift */; };
		89273C082977B6DF00208B6D /* ScriptBottomSheetViewController.swift in Sources */ = {isa = PBXBuildFile; fileRef = 89273C072977B6DF00208B6D /* ScriptBottomSheetViewController.swift */; };
		89273C0B2977CAE600208B6D /* ScriptPT.storyboard in Resources */ = {isa = PBXBuildFile; fileRef = 89273C0A2977CAE600208B6D /* ScriptPT.storyboard */; };
		89273C0D2977CAEF00208B6D /* ScriptPTViewController.swift in Sources */ = {isa = PBXBuildFile; fileRef = 89273C0C2977CAEF00208B6D /* ScriptPTViewController.swift */; };
		8932B507297E814F0054D9A4 /* ScriptPracticeRecordRoading.storyboard in Resources */ = {isa = PBXBuildFile; fileRef = 8932B506297E814F0054D9A4 /* ScriptPracticeRecordRoading.storyboard */; };
		8932B509297E81580054D9A4 /* ScriptPracticeRecordRoadingViewController.swift in Sources */ = {isa = PBXBuildFile; fileRef = 8932B508297E81580054D9A4 /* ScriptPracticeRecordRoadingViewController.swift */; };
		895820EE2987A8CC00D95B18 /* MyPageProfileView.swift in Sources */ = {isa = PBXBuildFile; fileRef = 895820ED2987A8CC00D95B18 /* MyPageProfileView.swift */; };
		895820F02987A8D600D95B18 /* MyPageProfileView.xib in Resources */ = {isa = PBXBuildFile; fileRef = 895820EF2987A8D600D95B18 /* MyPageProfileView.xib */; };
		895820F22987ACFA00D95B18 /* MyPageScrollViewController.swift in Sources */ = {isa = PBXBuildFile; fileRef = 895820F12987ACFA00D95B18 /* MyPageScrollViewController.swift */; };
		895820F42987D79D00D95B18 /* MyPageMyPostViewController.swift in Sources */ = {isa = PBXBuildFile; fileRef = 895820F32987D79D00D95B18 /* MyPageMyPostViewController.swift */; };
		895820FB2987E41600D95B18 /* MyPagePostTableViewCell.swift in Sources */ = {isa = PBXBuildFile; fileRef = 895820F92987E41600D95B18 /* MyPagePostTableViewCell.swift */; };
		895820FC2987E41600D95B18 /* MyPagePostTableViewCell.xib in Resources */ = {isa = PBXBuildFile; fileRef = 895820FA2987E41600D95B18 /* MyPagePostTableViewCell.xib */; };
		895820FE2987FBFA00D95B18 /* MyPageMyCommentViewController.swift in Sources */ = {isa = PBXBuildFile; fileRef = 895820FD2987FBFA00D95B18 /* MyPageMyCommentViewController.swift */; };
		896854B32975564200E70868 /* ScriptRecord.storyboard in Resources */ = {isa = PBXBuildFile; fileRef = 896854B22975564200E70868 /* ScriptRecord.storyboard */; };
		896854B52975565400E70868 /* ScriptRecordViewController.swift in Sources */ = {isa = PBXBuildFile; fileRef = 896854B42975565400E70868 /* ScriptRecordViewController.swift */; };
		896F42E529869C4800677A05 /* MyPageStorageViewController.swift in Sources */ = {isa = PBXBuildFile; fileRef = 896F42E429869C4800677A05 /* MyPageStorageViewController.swift */; };
		896F42E829869F7B00677A05 /* MyPageStorageTableHeaderView.xib in Resources */ = {isa = PBXBuildFile; fileRef = 896F42E729869F7B00677A05 /* MyPageStorageTableHeaderView.xib */; };
		896F42EA29869FB100677A05 /* MyPageStorageTableHeaderView.swift in Sources */ = {isa = PBXBuildFile; fileRef = 896F42E929869FB100677A05 /* MyPageStorageTableHeaderView.swift */; };
		8971E9EA29890ED200DF6ACD /* PracticeQuestion.swift in Sources */ = {isa = PBXBuildFile; fileRef = 8971E9E929890ED200DF6ACD /* PracticeQuestion.swift */; };
		897C634B2976B81C00CCF25F /* ScriptRecordCollectionReusableView.swift in Sources */ = {isa = PBXBuildFile; fileRef = 897C634A2976B81C00CCF25F /* ScriptRecordCollectionReusableView.swift */; };
		897C634D2976B88E00CCF25F /* ScriptRecordResultCollectionViewCell.swift in Sources */ = {isa = PBXBuildFile; fileRef = 897C634C2976B88E00CCF25F /* ScriptRecordResultCollectionViewCell.swift */; };
		897C634F2976B9BD00CCF25F /* ScriptRecordChartCollectionViewCell.swift in Sources */ = {isa = PBXBuildFile; fileRef = 897C634E2976B9BD00CCF25F /* ScriptRecordChartCollectionViewCell.swift */; };
		897C63512976BA6900CCF25F /* ScriptRecordMemoCollectionViewCell.swift in Sources */ = {isa = PBXBuildFile; fileRef = 897C63502976BA6900CCF25F /* ScriptRecordMemoCollectionViewCell.swift */; };
		898B502629907E6C00D40E69 /* UserPageViewController.swift in Sources */ = {isa = PBXBuildFile; fileRef = 898B502529907E6C00D40E69 /* UserPageViewController.swift */; };
		898B502829907E8300D40E69 /* UserPage.storyboard in Resources */ = {isa = PBXBuildFile; fileRef = 898B502729907E8300D40E69 /* UserPage.storyboard */; };
		898B502A2990849B00D40E69 /* UserPageSectionHeaderView.swift in Sources */ = {isa = PBXBuildFile; fileRef = 898B50292990849B00D40E69 /* UserPageSectionHeaderView.swift */; };
		898B502C299084BD00D40E69 /* UserPageSectionHeaderView.xib in Resources */ = {isa = PBXBuildFile; fileRef = 898B502B299084BD00D40E69 /* UserPageSectionHeaderView.xib */; };
		898B50442990F2F700D40E69 /* NotificationViewController.swift in Sources */ = {isa = PBXBuildFile; fileRef = 898B50432990F2F700D40E69 /* NotificationViewController.swift */; };
		898B50462990F74D00D40E69 /* NotificationTableViewCell.swift in Sources */ = {isa = PBXBuildFile; fileRef = 898B50452990F74D00D40E69 /* NotificationTableViewCell.swift */; };
		89C31EE2296DB73D00CBF249 /* Tabman in Frameworks */ = {isa = PBXBuildFile; productRef = 89C31EE1296DB73D00CBF249 /* Tabman */; };
		89C31EE5296DBDD000CBF249 /* ScriptPracticeRecord.storyboard in Resources */ = {isa = PBXBuildFile; fileRef = 89C31EE4296DBDD000CBF249 /* ScriptPracticeRecord.storyboard */; };
		89C31EE7296DBDD900CBF249 /* ScriptPracticeRecordViewController.swift in Sources */ = {isa = PBXBuildFile; fileRef = 89C31EE6296DBDD900CBF249 /* ScriptPracticeRecordViewController.swift */; };
		89C31EE9296DD8CB00CBF249 /* ImageLabelBarButton.swift in Sources */ = {isa = PBXBuildFile; fileRef = 89C31EE8296DD8CB00CBF249 /* ImageLabelBarButton.swift */; };
		89C87D5B297EAD7100723E08 /* ScriptPracticeRecordEndViewController.swift in Sources */ = {isa = PBXBuildFile; fileRef = 89C87D5A297EAD7100723E08 /* ScriptPracticeRecordEndViewController.swift */; };
		89C87D5D297EAD7500723E08 /* ScriptPracticeRecordEnd.storyboard in Resources */ = {isa = PBXBuildFile; fileRef = 89C87D5C297EAD7500723E08 /* ScriptPracticeRecordEnd.storyboard */; };
		89CD521B29744C1300E1F424 /* Charts in Frameworks */ = {isa = PBXBuildFile; productRef = 89CD521A29744C1300E1F424 /* Charts */; };
		89CD521E29744CB900E1F424 /* ScriptPracticeRecordResult.storyboard in Resources */ = {isa = PBXBuildFile; fileRef = 89CD521D29744CB900E1F424 /* ScriptPracticeRecordResult.storyboard */; };
		89CD522029744CC300E1F424 /* ScriptPracticeRecordResultViewController.swift in Sources */ = {isa = PBXBuildFile; fileRef = 89CD521F29744CC300E1F424 /* ScriptPracticeRecordResultViewController.swift */; };
		89DCF50B2977060000CB2296 /* ScriptPracticeSet.storyboard in Resources */ = {isa = PBXBuildFile; fileRef = 89DCF50A2977060000CB2296 /* ScriptPracticeSet.storyboard */; };
		89DCF50D2977060500CB2296 /* ScriptPracticeSetViewController.swift in Sources */ = {isa = PBXBuildFile; fileRef = 89DCF50C2977060500CB2296 /* ScriptPracticeSetViewController.swift */; };
		89E0B03A29881C2E007F6993 /* CreateNewScriptViewController.swift in Sources */ = {isa = PBXBuildFile; fileRef = 89E0B03929881C2E007F6993 /* CreateNewScriptViewController.swift */; };
		89E0B03C29881C46007F6993 /* ScriptNavigationViewController.swift in Sources */ = {isa = PBXBuildFile; fileRef = 89E0B03B29881C46007F6993 /* ScriptNavigationViewController.swift */; };
		89E0B03E29881C60007F6993 /* WriteScriptViewController.swift in Sources */ = {isa = PBXBuildFile; fileRef = 89E0B03D29881C60007F6993 /* WriteScriptViewController.swift */; };
		89E0B04129881C86007F6993 /* CreateNewScriptCell.swift in Sources */ = {isa = PBXBuildFile; fileRef = 89E0B04029881C86007F6993 /* CreateNewScriptCell.swift */; };
		89E0B04329881C97007F6993 /* ScriptListTableViewCell.swift in Sources */ = {isa = PBXBuildFile; fileRef = 89E0B04229881C97007F6993 /* ScriptListTableViewCell.swift */; };
		89EACA0529878345003ACDD6 /* MyPageStorageTableViewCell.swift in Sources */ = {isa = PBXBuildFile; fileRef = 89EACA0429878345003ACDD6 /* MyPageStorageTableViewCell.swift */; };
		89EACA0A2987A12B003ACDD6 /* HPParallaxHeader in Frameworks */ = {isa = PBXBuildFile; productRef = 89EACA092987A12B003ACDD6 /* HPParallaxHeader */; };
		9419EEF196C59F8A276BC2C0 /* Pods_UMC_iOS_Ver_1.framework in Frameworks */ = {isa = PBXBuildFile; fileRef = 49B928E9BB947B94197FC9A1 /* Pods_UMC_iOS_Ver_1.framework */; };
		9627E4EC12C0657B54F74B64 /* Pods_UMC_iOS_Ver_1Tests.framework in Frameworks */ = {isa = PBXBuildFile; fileRef = 1D71B72BC0CFA2711D70661A /* Pods_UMC_iOS_Ver_1Tests.framework */; };
/* End PBXBuildFile section */

/* Begin PBXContainerItemProxy section */
		5E32FC25296955930010A376 /* PBXContainerItemProxy */ = {
			isa = PBXContainerItemProxy;
			containerPortal = 5E32FC06296955910010A376 /* Project object */;
			proxyType = 1;
			remoteGlobalIDString = 5E32FC0D296955910010A376;
			remoteInfo = UMC_iOS_Ver_1;
		};
		5E32FC2F296955930010A376 /* PBXContainerItemProxy */ = {
			isa = PBXContainerItemProxy;
			containerPortal = 5E32FC06296955910010A376 /* Project object */;
			proxyType = 1;
			remoteGlobalIDString = 5E32FC0D296955910010A376;
			remoteInfo = UMC_iOS_Ver_1;
		};
/* End PBXContainerItemProxy section */

/* Begin PBXFileReference section */
		115721E48858FB989E25E292 /* Pods-UMC_iOS_Ver_1-UMC_iOS_Ver_1UITests.release.xcconfig */ = {isa = PBXFileReference; includeInIndex = 1; lastKnownFileType = text.xcconfig; name = "Pods-UMC_iOS_Ver_1-UMC_iOS_Ver_1UITests.release.xcconfig"; path = "Target Support Files/Pods-UMC_iOS_Ver_1-UMC_iOS_Ver_1UITests/Pods-UMC_iOS_Ver_1-UMC_iOS_Ver_1UITests.release.xcconfig"; sourceTree = "<group>"; };
		1D71B72BC0CFA2711D70661A /* Pods_UMC_iOS_Ver_1Tests.framework */ = {isa = PBXFileReference; explicitFileType = wrapper.framework; includeInIndex = 0; path = Pods_UMC_iOS_Ver_1Tests.framework; sourceTree = BUILT_PRODUCTS_DIR; };
		210A9E8329713D9B0063972B /* Search.storyboard */ = {isa = PBXFileReference; lastKnownFileType = file.storyboard; path = Search.storyboard; sourceTree = "<group>"; };
		210A9E8529713DC00063972B /* SearchViewController.swift */ = {isa = PBXFileReference; lastKnownFileType = sourcecode.swift; path = SearchViewController.swift; sourceTree = "<group>"; };
		210A9E8729714A660063972B /* SearchHistoryDataModel.swift */ = {isa = PBXFileReference; fileEncoding = 4; lastKnownFileType = sourcecode.swift; path = SearchHistoryDataModel.swift; sourceTree = "<group>"; };
		210A9E8929714A8A0063972B /* SearchContainerViewController.swift */ = {isa = PBXFileReference; lastKnownFileType = sourcecode.swift; path = SearchContainerViewController.swift; sourceTree = "<group>"; };
		210A9E8B29714B100063972B /* SearchKeywordTableViewCell.swift */ = {isa = PBXFileReference; fileEncoding = 4; lastKnownFileType = sourcecode.swift; path = SearchKeywordTableViewCell.swift; sourceTree = "<group>"; };
		210A9E8C29714B100063972B /* SearchKeywordTableViewCell.xib */ = {isa = PBXFileReference; fileEncoding = 4; lastKnownFileType = file.xib; path = SearchKeywordTableViewCell.xib; sourceTree = "<group>"; };
		211E919B29741B8E00BD406C /* AddPost.storyboard */ = {isa = PBXFileReference; lastKnownFileType = file.storyboard; path = AddPost.storyboard; sourceTree = "<group>"; };
		2133B7A4297419290037D85D /* AddPostViewController.swift */ = {isa = PBXFileReference; lastKnownFileType = sourcecode.swift; path = AddPostViewController.swift; sourceTree = "<group>"; };
		21348A1A297677F4002190E5 /* ReportViewController.swift */ = {isa = PBXFileReference; lastKnownFileType = sourcecode.swift; path = ReportViewController.swift; sourceTree = "<group>"; };
		2138123F2977A58700EC7B26 /* Post.storyboard */ = {isa = PBXFileReference; lastKnownFileType = file.storyboard; path = Post.storyboard; sourceTree = "<group>"; };
		213812412977A5A800EC7B26 /* PostViewController.swift */ = {isa = PBXFileReference; lastKnownFileType = sourcecode.swift; path = PostViewController.swift; sourceTree = "<group>"; };
		216023A329708131009DA16E /* Home.storyboard */ = {isa = PBXFileReference; lastKnownFileType = file.storyboard; path = Home.storyboard; sourceTree = "<group>"; };
		2174690E29828662006B7950 /* PostCommentDataModel.swift */ = {isa = PBXFileReference; lastKnownFileType = sourcecode.swift; path = PostCommentDataModel.swift; sourceTree = "<group>"; };
		218DA9032970847F00D76C03 /* BestForumCollectionViewCell.swift */ = {isa = PBXFileReference; fileEncoding = 4; lastKnownFileType = sourcecode.swift; path = BestForumCollectionViewCell.swift; sourceTree = "<group>"; };
		218DA9042970847F00D76C03 /* BestForumCollectionViewCell.xib */ = {isa = PBXFileReference; fileEncoding = 4; lastKnownFileType = file.xib; path = BestForumCollectionViewCell.xib; sourceTree = "<group>"; };
		218DA907297084A700D76C03 /* BestForumDataModel.swift */ = {isa = PBXFileReference; fileEncoding = 4; lastKnownFileType = sourcecode.swift; path = BestForumDataModel.swift; sourceTree = "<group>"; };
		218DA909297084B200D76C03 /* ForumTableViewCell.xib */ = {isa = PBXFileReference; fileEncoding = 4; lastKnownFileType = file.xib; path = ForumTableViewCell.xib; sourceTree = "<group>"; };
		218DA90A297084B200D76C03 /* BestForumTableViewCell.xib */ = {isa = PBXFileReference; fileEncoding = 4; lastKnownFileType = file.xib; path = BestForumTableViewCell.xib; sourceTree = "<group>"; };
		218DA90B297084B200D76C03 /* ForumTableViewCell.swift */ = {isa = PBXFileReference; fileEncoding = 4; lastKnownFileType = sourcecode.swift; path = ForumTableViewCell.swift; sourceTree = "<group>"; };
		218DA90C297084B200D76C03 /* BestForumTableViewCell.swift */ = {isa = PBXFileReference; fileEncoding = 4; lastKnownFileType = sourcecode.swift; path = BestForumTableViewCell.swift; sourceTree = "<group>"; };
		2195E0EF297672AA00203C49 /* Report.storyboard */ = {isa = PBXFileReference; lastKnownFileType = file.storyboard; path = Report.storyboard; sourceTree = "<group>"; };
		2196C3872988F53700EFC282 /* SelectScript.storyboard */ = {isa = PBXFileReference; lastKnownFileType = file.storyboard; path = SelectScript.storyboard; sourceTree = "<group>"; };
		2196C3892988F55A00EFC282 /* SelectScriptViewController.swift */ = {isa = PBXFileReference; lastKnownFileType = sourcecode.swift; path = SelectScriptViewController.swift; sourceTree = "<group>"; };
		21A6B4A62980E70200F084F6 /* PostContentTableViewCell.swift */ = {isa = PBXFileReference; lastKnownFileType = sourcecode.swift; path = PostContentTableViewCell.swift; sourceTree = "<group>"; };
		21A6B4A72980E70200F084F6 /* PostContentTableViewCell.xib */ = {isa = PBXFileReference; lastKnownFileType = file.xib; path = PostContentTableViewCell.xib; sourceTree = "<group>"; };
		21A6B4AA2980F76A00F084F6 /* NumofLikesTableViewCell.swift */ = {isa = PBXFileReference; lastKnownFileType = sourcecode.swift; path = NumofLikesTableViewCell.swift; sourceTree = "<group>"; };
		21A6B4AB2980F76A00F084F6 /* NumofLikesTableViewCell.xib */ = {isa = PBXFileReference; lastKnownFileType = file.xib; path = NumofLikesTableViewCell.xib; sourceTree = "<group>"; };
		21A6B4AE2980FA4B00F084F6 /* NumOfCommentsTableViewCell.swift */ = {isa = PBXFileReference; lastKnownFileType = sourcecode.swift; path = NumOfCommentsTableViewCell.swift; sourceTree = "<group>"; };
		21A6B4AF2980FA4B00F084F6 /* NumOfCommentsTableViewCell.xib */ = {isa = PBXFileReference; lastKnownFileType = file.xib; path = NumOfCommentsTableViewCell.xib; sourceTree = "<group>"; };
		21A6B4B22980FED300F084F6 /* PostCommentsTableViewCell.swift */ = {isa = PBXFileReference; lastKnownFileType = sourcecode.swift; path = PostCommentsTableViewCell.swift; sourceTree = "<group>"; };
		21A6B4B32980FED300F084F6 /* PostCommentsTableViewCell.xib */ = {isa = PBXFileReference; lastKnownFileType = file.xib; path = PostCommentsTableViewCell.xib; sourceTree = "<group>"; };
		21A749BA2977AB4E00EBFE82 /* ViewControllerConstants.swift */ = {isa = PBXFileReference; lastKnownFileType = sourcecode.swift; path = ViewControllerConstants.swift; sourceTree = "<group>"; };
		21D1B40C29879A0300CDBE05 /* NestedCommentTableViewCell.swift */ = {isa = PBXFileReference; lastKnownFileType = sourcecode.swift; path = NestedCommentTableViewCell.swift; sourceTree = "<group>"; };
		21D1B40D29879A0300CDBE05 /* NestedCommentTableViewCell.xib */ = {isa = PBXFileReference; lastKnownFileType = file.xib; path = NestedCommentTableViewCell.xib; sourceTree = "<group>"; };
		21D4B6E329791A8200D7B485 /* ReportAlert.storyboard */ = {isa = PBXFileReference; lastKnownFileType = file.storyboard; path = ReportAlert.storyboard; sourceTree = "<group>"; };
		21D4B6E529791D3600D7B485 /* CustomAlertViewController.swift */ = {isa = PBXFileReference; lastKnownFileType = sourcecode.swift; path = CustomAlertViewController.swift; sourceTree = "<group>"; };
		21EB2F81297FD47600259C6D /* UserProfileTableViewCell.swift */ = {isa = PBXFileReference; lastKnownFileType = sourcecode.swift; path = UserProfileTableViewCell.swift; sourceTree = "<group>"; };
		21EB2F82297FD47600259C6D /* UserProfileTableViewCell.xib */ = {isa = PBXFileReference; lastKnownFileType = file.xib; path = UserProfileTableViewCell.xib; sourceTree = "<group>"; };
		49B928E9BB947B94197FC9A1 /* Pods_UMC_iOS_Ver_1.framework */ = {isa = PBXFileReference; explicitFileType = wrapper.framework; includeInIndex = 0; path = Pods_UMC_iOS_Ver_1.framework; sourceTree = BUILT_PRODUCTS_DIR; };
		5E32FC0E296955910010A376 /* UMC_iOS_Ver_1.app */ = {isa = PBXFileReference; explicitFileType = wrapper.application; includeInIndex = 0; path = UMC_iOS_Ver_1.app; sourceTree = BUILT_PRODUCTS_DIR; };
		5E32FC11296955910010A376 /* AppDelegate.swift */ = {isa = PBXFileReference; lastKnownFileType = sourcecode.swift; path = AppDelegate.swift; sourceTree = "<group>"; };
		5E32FC13296955910010A376 /* SceneDelegate.swift */ = {isa = PBXFileReference; lastKnownFileType = sourcecode.swift; path = SceneDelegate.swift; sourceTree = "<group>"; };
		5E32FC15296955910010A376 /* HomeViewController.swift */ = {isa = PBXFileReference; lastKnownFileType = sourcecode.swift; path = HomeViewController.swift; sourceTree = "<group>"; };
		5E32FC18296955910010A376 /* Base */ = {isa = PBXFileReference; lastKnownFileType = file.storyboard; name = Base; path = Base.lproj/Main.storyboard; sourceTree = "<group>"; };
		5E32FC1A296955930010A376 /* Assets.xcassets */ = {isa = PBXFileReference; lastKnownFileType = folder.assetcatalog; path = Assets.xcassets; sourceTree = "<group>"; };
		5E32FC1D296955930010A376 /* Base */ = {isa = PBXFileReference; lastKnownFileType = file.storyboard; name = Base; path = Base.lproj/LaunchScreen.storyboard; sourceTree = "<group>"; };
		5E32FC1F296955930010A376 /* Info.plist */ = {isa = PBXFileReference; lastKnownFileType = text.plist.xml; path = Info.plist; sourceTree = "<group>"; };
		5E32FC24296955930010A376 /* UMC_iOS_Ver_1Tests.xctest */ = {isa = PBXFileReference; explicitFileType = wrapper.cfbundle; includeInIndex = 0; path = UMC_iOS_Ver_1Tests.xctest; sourceTree = BUILT_PRODUCTS_DIR; };
		5E32FC28296955930010A376 /* UMC_iOS_Ver_1Tests.swift */ = {isa = PBXFileReference; lastKnownFileType = sourcecode.swift; path = UMC_iOS_Ver_1Tests.swift; sourceTree = "<group>"; };
		5E32FC2E296955930010A376 /* UMC_iOS_Ver_1UITests.xctest */ = {isa = PBXFileReference; explicitFileType = wrapper.cfbundle; includeInIndex = 0; path = UMC_iOS_Ver_1UITests.xctest; sourceTree = BUILT_PRODUCTS_DIR; };
		5E32FC32296955930010A376 /* UMC_iOS_Ver_1UITests.swift */ = {isa = PBXFileReference; lastKnownFileType = sourcecode.swift; path = UMC_iOS_Ver_1UITests.swift; sourceTree = "<group>"; };
		5E32FC34296955930010A376 /* UMC_iOS_Ver_1UITestsLaunchTests.swift */ = {isa = PBXFileReference; lastKnownFileType = sourcecode.swift; path = UMC_iOS_Ver_1UITestsLaunchTests.swift; sourceTree = "<group>"; };
		5E32FC44296956470010A376 /* Constant.swift */ = {isa = PBXFileReference; lastKnownFileType = sourcecode.swift; path = Constant.swift; sourceTree = "<group>"; };
		5E32FC47296956A40010A376 /* IndicatorView.swift */ = {isa = PBXFileReference; lastKnownFileType = sourcecode.swift; path = IndicatorView.swift; sourceTree = "<group>"; };
		5E32FC4A296956EB0010A376 /* Date.swift */ = {isa = PBXFileReference; lastKnownFileType = sourcecode.swift; path = Date.swift; sourceTree = "<group>"; };
		5E32FC4C296957030010A376 /* UIColor.swift */ = {isa = PBXFileReference; lastKnownFileType = sourcecode.swift; path = UIColor.swift; sourceTree = "<group>"; };
		5E32FC4E296957170010A376 /* CustomSegmentedControl.swift */ = {isa = PBXFileReference; lastKnownFileType = sourcecode.swift; path = CustomSegmentedControl.swift; sourceTree = "<group>"; };
		5E32FC50296957350010A376 /* String.swift */ = {isa = PBXFileReference; lastKnownFileType = sourcecode.swift; path = String.swift; sourceTree = "<group>"; };
		5E32FC522969574E0010A376 /* UIButton.swift */ = {isa = PBXFileReference; lastKnownFileType = sourcecode.swift; path = UIButton.swift; sourceTree = "<group>"; };
		5E32FC542969576A0010A376 /* UIViewController.swift */ = {isa = PBXFileReference; lastKnownFileType = sourcecode.swift; path = UIViewController.swift; sourceTree = "<group>"; };
		5E32FC56296957840010A376 /* UIImageView.swift */ = {isa = PBXFileReference; lastKnownFileType = sourcecode.swift; path = UIImageView.swift; sourceTree = "<group>"; };
		5E32FC582969579B0010A376 /* UIFont.swift */ = {isa = PBXFileReference; lastKnownFileType = sourcecode.swift; path = UIFont.swift; sourceTree = "<group>"; };
		5E32FC5A296957BB0010A376 /* UITextField.swift */ = {isa = PBXFileReference; lastKnownFileType = sourcecode.swift; path = UITextField.swift; sourceTree = "<group>"; };
		5E32FC5C296957CE0010A376 /* CustomTextField.swift */ = {isa = PBXFileReference; lastKnownFileType = sourcecode.swift; path = CustomTextField.swift; sourceTree = "<group>"; };
		5E32FC6229695CF20010A376 /* ScriptPractice.storyboard */ = {isa = PBXFileReference; lastKnownFileType = file.storyboard; path = ScriptPractice.storyboard; sourceTree = "<group>"; };
		5E32FC6429695CFC0010A376 /* InterviewPractice.storyboard */ = {isa = PBXFileReference; lastKnownFileType = file.storyboard; path = InterviewPractice.storyboard; sourceTree = "<group>"; };
		5E32FC6629695D060010A376 /* MyPage.storyboard */ = {isa = PBXFileReference; lastKnownFileType = file.storyboard; path = MyPage.storyboard; sourceTree = "<group>"; };
		5E32FC6829695DE90010A376 /* ScriptPracticeViewController.swift */ = {isa = PBXFileReference; lastKnownFileType = sourcecode.swift; path = ScriptPracticeViewController.swift; sourceTree = "<group>"; };
		5E32FC6A29695DF60010A376 /* InterviewPracticeViewController.swift */ = {isa = PBXFileReference; lastKnownFileType = sourcecode.swift; path = InterviewPracticeViewController.swift; sourceTree = "<group>"; };
		5E32FC6C29695DFF0010A376 /* MyPageViewController.swift */ = {isa = PBXFileReference; lastKnownFileType = sourcecode.swift; path = MyPageViewController.swift; sourceTree = "<group>"; };
		5E64DE603605238BE8969A94 /* Pods-UMC_iOS_Ver_1-UMC_iOS_Ver_1UITests.debug.xcconfig */ = {isa = PBXFileReference; includeInIndex = 1; lastKnownFileType = text.xcconfig; name = "Pods-UMC_iOS_Ver_1-UMC_iOS_Ver_1UITests.debug.xcconfig"; path = "Target Support Files/Pods-UMC_iOS_Ver_1-UMC_iOS_Ver_1UITests/Pods-UMC_iOS_Ver_1-UMC_iOS_Ver_1UITests.debug.xcconfig"; sourceTree = "<group>"; };
		89028EC1296C6B3800B28DB7 /* ScriptEdit.storyboard */ = {isa = PBXFileReference; lastKnownFileType = file.storyboard; path = ScriptEdit.storyboard; sourceTree = "<group>"; };
		89028EC3296C6B5900B28DB7 /* ScriptEditTabmanViewController.swift */ = {isa = PBXFileReference; lastKnownFileType = sourcecode.swift; path = ScriptEditTabmanViewController.swift; sourceTree = "<group>"; };
		89273C052977A80100208B6D /* ScriptPTCollectionViewCell.swift */ = {isa = PBXFileReference; lastKnownFileType = sourcecode.swift; path = ScriptPTCollectionViewCell.swift; sourceTree = "<group>"; };
		89273C072977B6DF00208B6D /* ScriptBottomSheetViewController.swift */ = {isa = PBXFileReference; lastKnownFileType = sourcecode.swift; path = ScriptBottomSheetViewController.swift; sourceTree = "<group>"; };
		89273C0A2977CAE600208B6D /* ScriptPT.storyboard */ = {isa = PBXFileReference; lastKnownFileType = file.storyboard; path = ScriptPT.storyboard; sourceTree = "<group>"; };
		89273C0C2977CAEF00208B6D /* ScriptPTViewController.swift */ = {isa = PBXFileReference; lastKnownFileType = sourcecode.swift; path = ScriptPTViewController.swift; sourceTree = "<group>"; };
		8932B506297E814F0054D9A4 /* ScriptPracticeRecordRoading.storyboard */ = {isa = PBXFileReference; lastKnownFileType = file.storyboard; path = ScriptPracticeRecordRoading.storyboard; sourceTree = "<group>"; };
		8932B508297E81580054D9A4 /* ScriptPracticeRecordRoadingViewController.swift */ = {isa = PBXFileReference; lastKnownFileType = sourcecode.swift; path = ScriptPracticeRecordRoadingViewController.swift; sourceTree = "<group>"; };
		895820ED2987A8CC00D95B18 /* MyPageProfileView.swift */ = {isa = PBXFileReference; lastKnownFileType = sourcecode.swift; path = MyPageProfileView.swift; sourceTree = "<group>"; };
		895820EF2987A8D600D95B18 /* MyPageProfileView.xib */ = {isa = PBXFileReference; lastKnownFileType = file.xib; path = MyPageProfileView.xib; sourceTree = "<group>"; };
		895820F12987ACFA00D95B18 /* MyPageScrollViewController.swift */ = {isa = PBXFileReference; lastKnownFileType = sourcecode.swift; path = MyPageScrollViewController.swift; sourceTree = "<group>"; };
		895820F32987D79D00D95B18 /* MyPageMyPostViewController.swift */ = {isa = PBXFileReference; lastKnownFileType = sourcecode.swift; path = MyPageMyPostViewController.swift; sourceTree = "<group>"; };
		895820F92987E41600D95B18 /* MyPagePostTableViewCell.swift */ = {isa = PBXFileReference; lastKnownFileType = sourcecode.swift; path = MyPagePostTableViewCell.swift; sourceTree = "<group>"; };
		895820FA2987E41600D95B18 /* MyPagePostTableViewCell.xib */ = {isa = PBXFileReference; lastKnownFileType = file.xib; path = MyPagePostTableViewCell.xib; sourceTree = "<group>"; };
		895820FD2987FBFA00D95B18 /* MyPageMyCommentViewController.swift */ = {isa = PBXFileReference; lastKnownFileType = sourcecode.swift; path = MyPageMyCommentViewController.swift; sourceTree = "<group>"; };
		896854B22975564200E70868 /* ScriptRecord.storyboard */ = {isa = PBXFileReference; lastKnownFileType = file.storyboard; path = ScriptRecord.storyboard; sourceTree = "<group>"; };
		896854B42975565400E70868 /* ScriptRecordViewController.swift */ = {isa = PBXFileReference; lastKnownFileType = sourcecode.swift; path = ScriptRecordViewController.swift; sourceTree = "<group>"; };
		896F42E429869C4800677A05 /* MyPageStorageViewController.swift */ = {isa = PBXFileReference; lastKnownFileType = sourcecode.swift; path = MyPageStorageViewController.swift; sourceTree = "<group>"; };
		896F42E729869F7B00677A05 /* MyPageStorageTableHeaderView.xib */ = {isa = PBXFileReference; lastKnownFileType = file.xib; path = MyPageStorageTableHeaderView.xib; sourceTree = "<group>"; };
		896F42E929869FB100677A05 /* MyPageStorageTableHeaderView.swift */ = {isa = PBXFileReference; lastKnownFileType = sourcecode.swift; path = MyPageStorageTableHeaderView.swift; sourceTree = "<group>"; };
		8971E9E929890ED200DF6ACD /* PracticeQuestion.swift */ = {isa = PBXFileReference; lastKnownFileType = sourcecode.swift; path = PracticeQuestion.swift; sourceTree = "<group>"; };
		897C634A2976B81C00CCF25F /* ScriptRecordCollectionReusableView.swift */ = {isa = PBXFileReference; lastKnownFileType = sourcecode.swift; path = ScriptRecordCollectionReusableView.swift; sourceTree = "<group>"; };
		897C634C2976B88E00CCF25F /* ScriptRecordResultCollectionViewCell.swift */ = {isa = PBXFileReference; lastKnownFileType = sourcecode.swift; path = ScriptRecordResultCollectionViewCell.swift; sourceTree = "<group>"; };
		897C634E2976B9BD00CCF25F /* ScriptRecordChartCollectionViewCell.swift */ = {isa = PBXFileReference; lastKnownFileType = sourcecode.swift; path = ScriptRecordChartCollectionViewCell.swift; sourceTree = "<group>"; };
		897C63502976BA6900CCF25F /* ScriptRecordMemoCollectionViewCell.swift */ = {isa = PBXFileReference; lastKnownFileType = sourcecode.swift; path = ScriptRecordMemoCollectionViewCell.swift; sourceTree = "<group>"; };
		898B502529907E6C00D40E69 /* UserPageViewController.swift */ = {isa = PBXFileReference; lastKnownFileType = sourcecode.swift; path = UserPageViewController.swift; sourceTree = "<group>"; };
		898B502729907E8300D40E69 /* UserPage.storyboard */ = {isa = PBXFileReference; lastKnownFileType = file.storyboard; path = UserPage.storyboard; sourceTree = "<group>"; };
		898B50292990849B00D40E69 /* UserPageSectionHeaderView.swift */ = {isa = PBXFileReference; lastKnownFileType = sourcecode.swift; path = UserPageSectionHeaderView.swift; sourceTree = "<group>"; };
		898B502B299084BD00D40E69 /* UserPageSectionHeaderView.xib */ = {isa = PBXFileReference; lastKnownFileType = file.xib; path = UserPageSectionHeaderView.xib; sourceTree = "<group>"; };
		898B50432990F2F700D40E69 /* NotificationViewController.swift */ = {isa = PBXFileReference; lastKnownFileType = sourcecode.swift; path = NotificationViewController.swift; sourceTree = "<group>"; };
		898B50452990F74D00D40E69 /* NotificationTableViewCell.swift */ = {isa = PBXFileReference; lastKnownFileType = sourcecode.swift; path = NotificationTableViewCell.swift; sourceTree = "<group>"; };
		89C31EE4296DBDD000CBF249 /* ScriptPracticeRecord.storyboard */ = {isa = PBXFileReference; lastKnownFileType = file.storyboard; path = ScriptPracticeRecord.storyboard; sourceTree = "<group>"; };
		89C31EE6296DBDD900CBF249 /* ScriptPracticeRecordViewController.swift */ = {isa = PBXFileReference; lastKnownFileType = sourcecode.swift; path = ScriptPracticeRecordViewController.swift; sourceTree = "<group>"; };
		89C31EE8296DD8CB00CBF249 /* ImageLabelBarButton.swift */ = {isa = PBXFileReference; lastKnownFileType = sourcecode.swift; path = ImageLabelBarButton.swift; sourceTree = "<group>"; };
		89C87D5A297EAD7100723E08 /* ScriptPracticeRecordEndViewController.swift */ = {isa = PBXFileReference; lastKnownFileType = sourcecode.swift; path = ScriptPracticeRecordEndViewController.swift; sourceTree = "<group>"; };
		89C87D5C297EAD7500723E08 /* ScriptPracticeRecordEnd.storyboard */ = {isa = PBXFileReference; lastKnownFileType = file.storyboard; path = ScriptPracticeRecordEnd.storyboard; sourceTree = "<group>"; };
		89CD521D29744CB900E1F424 /* ScriptPracticeRecordResult.storyboard */ = {isa = PBXFileReference; lastKnownFileType = file.storyboard; path = ScriptPracticeRecordResult.storyboard; sourceTree = "<group>"; };
		89CD521F29744CC300E1F424 /* ScriptPracticeRecordResultViewController.swift */ = {isa = PBXFileReference; lastKnownFileType = sourcecode.swift; path = ScriptPracticeRecordResultViewController.swift; sourceTree = "<group>"; };
		89DCF50A2977060000CB2296 /* ScriptPracticeSet.storyboard */ = {isa = PBXFileReference; lastKnownFileType = file.storyboard; path = ScriptPracticeSet.storyboard; sourceTree = "<group>"; };
		89DCF50C2977060500CB2296 /* ScriptPracticeSetViewController.swift */ = {isa = PBXFileReference; lastKnownFileType = sourcecode.swift; path = ScriptPracticeSetViewController.swift; sourceTree = "<group>"; };
		89E0B03929881C2E007F6993 /* CreateNewScriptViewController.swift */ = {isa = PBXFileReference; lastKnownFileType = sourcecode.swift; path = CreateNewScriptViewController.swift; sourceTree = "<group>"; };
		89E0B03B29881C46007F6993 /* ScriptNavigationViewController.swift */ = {isa = PBXFileReference; lastKnownFileType = sourcecode.swift; path = ScriptNavigationViewController.swift; sourceTree = "<group>"; };
		89E0B03D29881C60007F6993 /* WriteScriptViewController.swift */ = {isa = PBXFileReference; lastKnownFileType = sourcecode.swift; path = WriteScriptViewController.swift; sourceTree = "<group>"; };
		89E0B04029881C86007F6993 /* CreateNewScriptCell.swift */ = {isa = PBXFileReference; lastKnownFileType = sourcecode.swift; path = CreateNewScriptCell.swift; sourceTree = "<group>"; };
		89E0B04229881C97007F6993 /* ScriptListTableViewCell.swift */ = {isa = PBXFileReference; lastKnownFileType = sourcecode.swift; path = ScriptListTableViewCell.swift; sourceTree = "<group>"; };
		89EACA0429878345003ACDD6 /* MyPageStorageTableViewCell.swift */ = {isa = PBXFileReference; lastKnownFileType = sourcecode.swift; path = MyPageStorageTableViewCell.swift; sourceTree = "<group>"; };
		9605E6568465799CFD279686 /* Pods-UMC_iOS_Ver_1Tests.release.xcconfig */ = {isa = PBXFileReference; includeInIndex = 1; lastKnownFileType = text.xcconfig; name = "Pods-UMC_iOS_Ver_1Tests.release.xcconfig"; path = "Target Support Files/Pods-UMC_iOS_Ver_1Tests/Pods-UMC_iOS_Ver_1Tests.release.xcconfig"; sourceTree = "<group>"; };
		A0DB99903F02E1B48D715375 /* Pods-UMC_iOS_Ver_1Tests.debug.xcconfig */ = {isa = PBXFileReference; includeInIndex = 1; lastKnownFileType = text.xcconfig; name = "Pods-UMC_iOS_Ver_1Tests.debug.xcconfig"; path = "Target Support Files/Pods-UMC_iOS_Ver_1Tests/Pods-UMC_iOS_Ver_1Tests.debug.xcconfig"; sourceTree = "<group>"; };
		B6F6FA7EC2A2DF7ADD8C68E3 /* Pods_UMC_iOS_Ver_1_UMC_iOS_Ver_1UITests.framework */ = {isa = PBXFileReference; explicitFileType = wrapper.framework; includeInIndex = 0; path = Pods_UMC_iOS_Ver_1_UMC_iOS_Ver_1UITests.framework; sourceTree = BUILT_PRODUCTS_DIR; };
		BE1B10E59B9F8AA3D6921249 /* Pods-UMC_iOS_Ver_1.debug.xcconfig */ = {isa = PBXFileReference; includeInIndex = 1; lastKnownFileType = text.xcconfig; name = "Pods-UMC_iOS_Ver_1.debug.xcconfig"; path = "Target Support Files/Pods-UMC_iOS_Ver_1/Pods-UMC_iOS_Ver_1.debug.xcconfig"; sourceTree = "<group>"; };
		E33296865E5A34A1A08AF1F4 /* Pods-UMC_iOS_Ver_1.release.xcconfig */ = {isa = PBXFileReference; includeInIndex = 1; lastKnownFileType = text.xcconfig; name = "Pods-UMC_iOS_Ver_1.release.xcconfig"; path = "Target Support Files/Pods-UMC_iOS_Ver_1/Pods-UMC_iOS_Ver_1.release.xcconfig"; sourceTree = "<group>"; };
/* End PBXFileReference section */

/* Begin PBXFrameworksBuildPhase section */
		5E32FC0B296955910010A376 /* Frameworks */ = {
			isa = PBXFrameworksBuildPhase;
			buildActionMask = 2147483647;
			files = (
				9419EEF196C59F8A276BC2C0 /* Pods_UMC_iOS_Ver_1.framework in Frameworks */,
				89C31EE2296DB73D00CBF249 /* Tabman in Frameworks */,
				89EACA0A2987A12B003ACDD6 /* HPParallaxHeader in Frameworks */,
				89CD521B29744C1300E1F424 /* Charts in Frameworks */,
			);
			runOnlyForDeploymentPostprocessing = 0;
		};
		5E32FC21296955930010A376 /* Frameworks */ = {
			isa = PBXFrameworksBuildPhase;
			buildActionMask = 2147483647;
			files = (
				9627E4EC12C0657B54F74B64 /* Pods_UMC_iOS_Ver_1Tests.framework in Frameworks */,
			);
			runOnlyForDeploymentPostprocessing = 0;
		};
		5E32FC2B296955930010A376 /* Frameworks */ = {
			isa = PBXFrameworksBuildPhase;
			buildActionMask = 2147483647;
			files = (
				6778D2355D99D72941DEBC63 /* Pods_UMC_iOS_Ver_1_UMC_iOS_Ver_1UITests.framework in Frameworks */,
			);
			runOnlyForDeploymentPostprocessing = 0;
		};
/* End PBXFrameworksBuildPhase section */

/* Begin PBXGroup section */
		049869C678328DA3AF6D0A78 /* Frameworks */ = {
			isa = PBXGroup;
			children = (
				49B928E9BB947B94197FC9A1 /* Pods_UMC_iOS_Ver_1.framework */,
				B6F6FA7EC2A2DF7ADD8C68E3 /* Pods_UMC_iOS_Ver_1_UMC_iOS_Ver_1UITests.framework */,
				1D71B72BC0CFA2711D70661A /* Pods_UMC_iOS_Ver_1Tests.framework */,
			);
			name = Frameworks;
			sourceTree = "<group>";
		};
		21C06D7C296C581F00E205E2 /* HomeModel */ = {
			isa = PBXGroup;
			children = (
				21A749BA2977AB4E00EBFE82 /* ViewControllerConstants.swift */,
				218DA907297084A700D76C03 /* BestForumDataModel.swift */,
				210A9E8729714A660063972B /* SearchHistoryDataModel.swift */,
				2174690E29828662006B7950 /* PostCommentDataModel.swift */,
			);
			path = HomeModel;
			sourceTree = "<group>";
		};
		21C06D7D296C583100E205E2 /* HomeView */ = {
			isa = PBXGroup;
			children = (
				5E32FC17296955910010A376 /* Main.storyboard */,
				216023A329708131009DA16E /* Home.storyboard */,
				210A9E8329713D9B0063972B /* Search.storyboard */,
				211E919B29741B8E00BD406C /* AddPost.storyboard */,
				2138123F2977A58700EC7B26 /* Post.storyboard */,
				2195E0EF297672AA00203C49 /* Report.storyboard */,
				21D4B6E329791A8200D7B485 /* ReportAlert.storyboard */,
				2196C3872988F53700EFC282 /* SelectScript.storyboard */,
				218DA9032970847F00D76C03 /* BestForumCollectionViewCell.swift */,
				218DA9042970847F00D76C03 /* BestForumCollectionViewCell.xib */,
				218DA90C297084B200D76C03 /* BestForumTableViewCell.swift */,
				218DA90A297084B200D76C03 /* BestForumTableViewCell.xib */,
				218DA90B297084B200D76C03 /* ForumTableViewCell.swift */,
				218DA909297084B200D76C03 /* ForumTableViewCell.xib */,
				210A9E8B29714B100063972B /* SearchKeywordTableViewCell.swift */,
				210A9E8C29714B100063972B /* SearchKeywordTableViewCell.xib */,
				21EB2F81297FD47600259C6D /* UserProfileTableViewCell.swift */,
				21EB2F82297FD47600259C6D /* UserProfileTableViewCell.xib */,
				21A6B4A62980E70200F084F6 /* PostContentTableViewCell.swift */,
				21A6B4A72980E70200F084F6 /* PostContentTableViewCell.xib */,
				21A6B4AA2980F76A00F084F6 /* NumofLikesTableViewCell.swift */,
				21A6B4AB2980F76A00F084F6 /* NumofLikesTableViewCell.xib */,
				21A6B4AE2980FA4B00F084F6 /* NumOfCommentsTableViewCell.swift */,
				21A6B4AF2980FA4B00F084F6 /* NumOfCommentsTableViewCell.xib */,
				21A6B4B22980FED300F084F6 /* PostCommentsTableViewCell.swift */,
				21A6B4B32980FED300F084F6 /* PostCommentsTableViewCell.xib */,
				21D1B40C29879A0300CDBE05 /* NestedCommentTableViewCell.swift */,
				21D1B40D29879A0300CDBE05 /* NestedCommentTableViewCell.xib */,
			);
			path = HomeView;
			sourceTree = "<group>";
		};
		21C06D7E296C583F00E205E2 /* HomeController */ = {
			isa = PBXGroup;
			children = (
				5E32FC15296955910010A376 /* HomeViewController.swift */,
				210A9E8529713DC00063972B /* SearchViewController.swift */,
				210A9E8929714A8A0063972B /* SearchContainerViewController.swift */,
				2133B7A4297419290037D85D /* AddPostViewController.swift */,
				213812412977A5A800EC7B26 /* PostViewController.swift */,
				21348A1A297677F4002190E5 /* ReportViewController.swift */,
				21D4B6E529791D3600D7B485 /* CustomAlertViewController.swift */,
				2196C3892988F55A00EFC282 /* SelectScriptViewController.swift */,
			);
			path = HomeController;
			sourceTree = "<group>";
		};
		5E32FC05296955910010A376 = {
			isa = PBXGroup;
			children = (
				5E32FC10296955910010A376 /* UMC_iOS_Ver_1 */,
				5E32FC27296955930010A376 /* UMC_iOS_Ver_1Tests */,
				5E32FC31296955930010A376 /* UMC_iOS_Ver_1UITests */,
				5E32FC0F296955910010A376 /* Products */,
				6525DFAAC211892E6BECA24A /* Pods */,
				049869C678328DA3AF6D0A78 /* Frameworks */,
			);
			sourceTree = "<group>";
		};
		5E32FC0F296955910010A376 /* Products */ = {
			isa = PBXGroup;
			children = (
				5E32FC0E296955910010A376 /* UMC_iOS_Ver_1.app */,
				5E32FC24296955930010A376 /* UMC_iOS_Ver_1Tests.xctest */,
				5E32FC2E296955930010A376 /* UMC_iOS_Ver_1UITests.xctest */,
			);
			name = Products;
			sourceTree = "<group>";
		};
		5E32FC10296955910010A376 /* UMC_iOS_Ver_1 */ = {
			isa = PBXGroup;
			children = (
				5E32FC41296956150010A376 /* Configuration */,
				5E32FC42296956240010A376 /* Util */,
				5E32FC43296956300010A376 /* Source */,
				5E32FC11296955910010A376 /* AppDelegate.swift */,
				5E32FC13296955910010A376 /* SceneDelegate.swift */,
				5E32FC1A296955930010A376 /* Assets.xcassets */,
				5E32FC1C296955930010A376 /* LaunchScreen.storyboard */,
				5E32FC1F296955930010A376 /* Info.plist */,
			);
			path = UMC_iOS_Ver_1;
			sourceTree = "<group>";
		};
		5E32FC27296955930010A376 /* UMC_iOS_Ver_1Tests */ = {
			isa = PBXGroup;
			children = (
				5E32FC28296955930010A376 /* UMC_iOS_Ver_1Tests.swift */,
			);
			path = UMC_iOS_Ver_1Tests;
			sourceTree = "<group>";
		};
		5E32FC31296955930010A376 /* UMC_iOS_Ver_1UITests */ = {
			isa = PBXGroup;
			children = (
				5E32FC32296955930010A376 /* UMC_iOS_Ver_1UITests.swift */,
				5E32FC34296955930010A376 /* UMC_iOS_Ver_1UITestsLaunchTests.swift */,
			);
			path = UMC_iOS_Ver_1UITests;
			sourceTree = "<group>";
		};
		5E32FC41296956150010A376 /* Configuration */ = {
			isa = PBXGroup;
			children = (
				5E32FC44296956470010A376 /* Constant.swift */,
				5E32FC46296956740010A376 /* Font */,
			);
			path = Configuration;
			sourceTree = "<group>";
		};
		5E32FC42296956240010A376 /* Util */ = {
			isa = PBXGroup;
			children = (
				5E32FC47296956A40010A376 /* IndicatorView.swift */,
				89C31EE8296DD8CB00CBF249 /* ImageLabelBarButton.swift */,
				5E32FC49296956D70010A376 /* Extension */,
			);
			path = Util;
			sourceTree = "<group>";
		};
		5E32FC43296956300010A376 /* Source */ = {
			isa = PBXGroup;
			children = (
				5E32FC5E296958F10010A376 /* Home */,
				5E32FC6129695CA20010A376 /* ScriptPractice */,
				5E32FC6029695C960010A376 /* InterviewPractice */,
				5E32FC5F29695C7A0010A376 /* MyPage */,
			);
			path = Source;
			sourceTree = "<group>";
		};
		5E32FC46296956740010A376 /* Font */ = {
			isa = PBXGroup;
			children = (
			);
			path = Font;
			sourceTree = "<group>";
		};
		5E32FC49296956D70010A376 /* Extension */ = {
			isa = PBXGroup;
			children = (
				5E32FC4A296956EB0010A376 /* Date.swift */,
				5E32FC4C296957030010A376 /* UIColor.swift */,
				5E32FC4E296957170010A376 /* CustomSegmentedControl.swift */,
				5E32FC50296957350010A376 /* String.swift */,
				5E32FC522969574E0010A376 /* UIButton.swift */,
				5E32FC542969576A0010A376 /* UIViewController.swift */,
				5E32FC56296957840010A376 /* UIImageView.swift */,
				5E32FC582969579B0010A376 /* UIFont.swift */,
				5E32FC5A296957BB0010A376 /* UITextField.swift */,
				5E32FC5C296957CE0010A376 /* CustomTextField.swift */,
			);
			path = Extension;
			sourceTree = "<group>";
		};
		5E32FC5E296958F10010A376 /* Home */ = {
			isa = PBXGroup;
			children = (
				21C06D7C296C581F00E205E2 /* HomeModel */,
				21C06D7D296C583100E205E2 /* HomeView */,
				21C06D7E296C583F00E205E2 /* HomeController */,
			);
			path = Home;
			sourceTree = "<group>";
		};
		5E32FC5F29695C7A0010A376 /* MyPage */ = {
			isa = PBXGroup;
			children = (
				89EACA032987832D003ACDD6 /* Cell */,
				896F42E629869F6100677A05 /* View */,
				5E32FC6629695D060010A376 /* MyPage.storyboard */,
				895820F12987ACFA00D95B18 /* MyPageScrollViewController.swift */,
				5E32FC6C29695DFF0010A376 /* MyPageViewController.swift */,
				896F42E429869C4800677A05 /* MyPageStorageViewController.swift */,
				895820F32987D79D00D95B18 /* MyPageMyPostViewController.swift */,
				895820FD2987FBFA00D95B18 /* MyPageMyCommentViewController.swift */,
				898B50432990F2F700D40E69 /* NotificationViewController.swift */,
				898B502729907E8300D40E69 /* UserPage.storyboard */,
				898B502529907E6C00D40E69 /* UserPageViewController.swift */,
			);
			path = MyPage;
			sourceTree = "<group>";
		};
		5E32FC6029695C960010A376 /* InterviewPractice */ = {
			isa = PBXGroup;
			children = (
				5E32FC6429695CFC0010A376 /* InterviewPractice.storyboard */,
				5E32FC6A29695DF60010A376 /* InterviewPracticeViewController.swift */,
			);
			path = InterviewPractice;
			sourceTree = "<group>";
		};
		5E32FC6129695CA20010A376 /* ScriptPractice */ = {
			isa = PBXGroup;
			children = (
				8971E9E829890E7400DF6ACD /* Entity */,
				89E0B03F29881C77007F6993 /* Cell */,
				89028EC0296C6B2A00B28DB7 /* ScriptEdit */,
				89DCF505297705C800CB2296 /* ScriptPracticeSet */,
				89273C092977CAD700208B6D /* ScriptPT */,
				89C31EE3296DBDC300CBF249 /* ScriptPracticeRecord */,
				8932B505297E81390054D9A4 /* ScriptPracticeRecordRoading */,
				89CD521C29744CA100E1F424 /* ScriptPracticeRecordResult */,
				89C87D59297EAD6300723E08 /* ScriptPracticeRecordEnd */,
				896854B12975563800E70868 /* ScriptRecord */,
				5E32FC6229695CF20010A376 /* ScriptPractice.storyboard */,
				5E32FC6829695DE90010A376 /* ScriptPracticeViewController.swift */,
				89E0B03929881C2E007F6993 /* CreateNewScriptViewController.swift */,
				89E0B03B29881C46007F6993 /* ScriptNavigationViewController.swift */,
				89E0B03D29881C60007F6993 /* WriteScriptViewController.swift */,
			);
			path = ScriptPractice;
			sourceTree = "<group>";
		};
		6525DFAAC211892E6BECA24A /* Pods */ = {
			isa = PBXGroup;
			children = (
				BE1B10E59B9F8AA3D6921249 /* Pods-UMC_iOS_Ver_1.debug.xcconfig */,
				E33296865E5A34A1A08AF1F4 /* Pods-UMC_iOS_Ver_1.release.xcconfig */,
				5E64DE603605238BE8969A94 /* Pods-UMC_iOS_Ver_1-UMC_iOS_Ver_1UITests.debug.xcconfig */,
				115721E48858FB989E25E292 /* Pods-UMC_iOS_Ver_1-UMC_iOS_Ver_1UITests.release.xcconfig */,
				A0DB99903F02E1B48D715375 /* Pods-UMC_iOS_Ver_1Tests.debug.xcconfig */,
				9605E6568465799CFD279686 /* Pods-UMC_iOS_Ver_1Tests.release.xcconfig */,
			);
			path = Pods;
			sourceTree = "<group>";
		};
		89028EC0296C6B2A00B28DB7 /* ScriptEdit */ = {
			isa = PBXGroup;
			children = (
				89028EC1296C6B3800B28DB7 /* ScriptEdit.storyboard */,
				89028EC3296C6B5900B28DB7 /* ScriptEditTabmanViewController.swift */,
			);
			path = ScriptEdit;
			sourceTree = "<group>";
		};
		89273C042977A42C00208B6D /* Cell */ = {
			isa = PBXGroup;
			children = (
				89273C052977A80100208B6D /* ScriptPTCollectionViewCell.swift */,
			);
			path = Cell;
			sourceTree = "<group>";
		};
		89273C092977CAD700208B6D /* ScriptPT */ = {
			isa = PBXGroup;
			children = (
				89273C0A2977CAE600208B6D /* ScriptPT.storyboard */,
				89273C0C2977CAEF00208B6D /* ScriptPTViewController.swift */,
			);
			path = ScriptPT;
			sourceTree = "<group>";
		};
		8932B505297E81390054D9A4 /* ScriptPracticeRecordRoading */ = {
			isa = PBXGroup;
			children = (
				8932B506297E814F0054D9A4 /* ScriptPracticeRecordRoading.storyboard */,
				8932B508297E81580054D9A4 /* ScriptPracticeRecordRoadingViewController.swift */,
			);
			path = ScriptPracticeRecordRoading;
			sourceTree = "<group>";
		};
		896854B12975563800E70868 /* ScriptRecord */ = {
			isa = PBXGroup;
			children = (
				897C63492976B7E700CCF25F /* Cell */,
				896854B22975564200E70868 /* ScriptRecord.storyboard */,
				896854B42975565400E70868 /* ScriptRecordViewController.swift */,
			);
			path = ScriptRecord;
			sourceTree = "<group>";
		};
		896F42E629869F6100677A05 /* View */ = {
			isa = PBXGroup;
			children = (
				896F42E729869F7B00677A05 /* MyPageStorageTableHeaderView.xib */,
				896F42E929869FB100677A05 /* MyPageStorageTableHeaderView.swift */,
				895820EF2987A8D600D95B18 /* MyPageProfileView.xib */,
				895820ED2987A8CC00D95B18 /* MyPageProfileView.swift */,
				898B502B299084BD00D40E69 /* UserPageSectionHeaderView.xib */,
				898B50292990849B00D40E69 /* UserPageSectionHeaderView.swift */,
			);
			path = View;
			sourceTree = "<group>";
		};
		8971E9E829890E7400DF6ACD /* Entity */ = {
			isa = PBXGroup;
			children = (
				8971E9E929890ED200DF6ACD /* PracticeQuestion.swift */,
			);
			path = Entity;
			sourceTree = "<group>";
		};
		897C63492976B7E700CCF25F /* Cell */ = {
			isa = PBXGroup;
			children = (
				897C634A2976B81C00CCF25F /* ScriptRecordCollectionReusableView.swift */,
				897C634C2976B88E00CCF25F /* ScriptRecordResultCollectionViewCell.swift */,
				897C634E2976B9BD00CCF25F /* ScriptRecordChartCollectionViewCell.swift */,
				897C63502976BA6900CCF25F /* ScriptRecordMemoCollectionViewCell.swift */,
			);
			path = Cell;
			sourceTree = "<group>";
		};
		89C31EE3296DBDC300CBF249 /* ScriptPracticeRecord */ = {
			isa = PBXGroup;
			children = (
				89C31EE4296DBDD000CBF249 /* ScriptPracticeRecord.storyboard */,
				89C31EE6296DBDD900CBF249 /* ScriptPracticeRecordViewController.swift */,
			);
			path = ScriptPracticeRecord;
			sourceTree = "<group>";
		};
		89C87D59297EAD6300723E08 /* ScriptPracticeRecordEnd */ = {
			isa = PBXGroup;
			children = (
				89C87D5C297EAD7500723E08 /* ScriptPracticeRecordEnd.storyboard */,
				89C87D5A297EAD7100723E08 /* ScriptPracticeRecordEndViewController.swift */,
			);
			path = ScriptPracticeRecordEnd;
			sourceTree = "<group>";
		};
		89CD521C29744CA100E1F424 /* ScriptPracticeRecordResult */ = {
			isa = PBXGroup;
			children = (
				89CD521D29744CB900E1F424 /* ScriptPracticeRecordResult.storyboard */,
				89CD521F29744CC300E1F424 /* ScriptPracticeRecordResultViewController.swift */,
			);
			path = ScriptPracticeRecordResult;
			sourceTree = "<group>";
		};
		89DCF505297705C800CB2296 /* ScriptPracticeSet */ = {
			isa = PBXGroup;
			children = (
				89273C042977A42C00208B6D /* Cell */,
				89DCF50A2977060000CB2296 /* ScriptPracticeSet.storyboard */,
				89DCF50C2977060500CB2296 /* ScriptPracticeSetViewController.swift */,
				89273C072977B6DF00208B6D /* ScriptBottomSheetViewController.swift */,
			);
			path = ScriptPracticeSet;
			sourceTree = "<group>";
		};
		89E0B03F29881C77007F6993 /* Cell */ = {
			isa = PBXGroup;
			children = (
				89E0B04029881C86007F6993 /* CreateNewScriptCell.swift */,
				89E0B04229881C97007F6993 /* ScriptListTableViewCell.swift */,
			);
			path = Cell;
			sourceTree = "<group>";
		};
		89EACA032987832D003ACDD6 /* Cell */ = {
			isa = PBXGroup;
			children = (
				89EACA0429878345003ACDD6 /* MyPageStorageTableViewCell.swift */,
				895820F92987E41600D95B18 /* MyPagePostTableViewCell.swift */,
				895820FA2987E41600D95B18 /* MyPagePostTableViewCell.xib */,
				898B50452990F74D00D40E69 /* NotificationTableViewCell.swift */,
			);
			path = Cell;
			sourceTree = "<group>";
		};
/* End PBXGroup section */

/* Begin PBXNativeTarget section */
		5E32FC0D296955910010A376 /* UMC_iOS_Ver_1 */ = {
			isa = PBXNativeTarget;
			buildConfigurationList = 5E32FC38296955930010A376 /* Build configuration list for PBXNativeTarget "UMC_iOS_Ver_1" */;
			buildPhases = (
				DBD34A5BC77D4B82F42FD66C /* [CP] Check Pods Manifest.lock */,
				5E32FC0A296955910010A376 /* Sources */,
				5E32FC0B296955910010A376 /* Frameworks */,
				5E32FC0C296955910010A376 /* Resources */,
				BE2381C69C40855F52BB21A1 /* [CP] Embed Pods Frameworks */,
			);
			buildRules = (
			);
			dependencies = (
			);
			name = UMC_iOS_Ver_1;
			packageProductDependencies = (
				89C31EE1296DB73D00CBF249 /* Tabman */,
				89CD521A29744C1300E1F424 /* Charts */,
				89EACA092987A12B003ACDD6 /* HPParallaxHeader */,
			);
			productName = UMC_iOS_Ver_1;
			productReference = 5E32FC0E296955910010A376 /* UMC_iOS_Ver_1.app */;
			productType = "com.apple.product-type.application";
		};
		5E32FC23296955930010A376 /* UMC_iOS_Ver_1Tests */ = {
			isa = PBXNativeTarget;
			buildConfigurationList = 5E32FC3B296955930010A376 /* Build configuration list for PBXNativeTarget "UMC_iOS_Ver_1Tests" */;
			buildPhases = (
				C981B7AEC5FD21594BD295AD /* [CP] Check Pods Manifest.lock */,
				5E32FC20296955930010A376 /* Sources */,
				5E32FC21296955930010A376 /* Frameworks */,
				5E32FC22296955930010A376 /* Resources */,
			);
			buildRules = (
			);
			dependencies = (
				5E32FC26296955930010A376 /* PBXTargetDependency */,
			);
			name = UMC_iOS_Ver_1Tests;
			productName = UMC_iOS_Ver_1Tests;
			productReference = 5E32FC24296955930010A376 /* UMC_iOS_Ver_1Tests.xctest */;
			productType = "com.apple.product-type.bundle.unit-test";
		};
		5E32FC2D296955930010A376 /* UMC_iOS_Ver_1UITests */ = {
			isa = PBXNativeTarget;
			buildConfigurationList = 5E32FC3E296955930010A376 /* Build configuration list for PBXNativeTarget "UMC_iOS_Ver_1UITests" */;
			buildPhases = (
				049BFC57FD9777AE3EDD4F0B /* [CP] Check Pods Manifest.lock */,
				5E32FC2A296955930010A376 /* Sources */,
				5E32FC2B296955930010A376 /* Frameworks */,
				5E32FC2C296955930010A376 /* Resources */,
				71D6A0B9467A0B10AC976932 /* [CP] Embed Pods Frameworks */,
			);
			buildRules = (
			);
			dependencies = (
				5E32FC30296955930010A376 /* PBXTargetDependency */,
			);
			name = UMC_iOS_Ver_1UITests;
			productName = UMC_iOS_Ver_1UITests;
			productReference = 5E32FC2E296955930010A376 /* UMC_iOS_Ver_1UITests.xctest */;
			productType = "com.apple.product-type.bundle.ui-testing";
		};
/* End PBXNativeTarget section */

/* Begin PBXProject section */
		5E32FC06296955910010A376 /* Project object */ = {
			isa = PBXProject;
			attributes = {
				BuildIndependentTargetsInParallel = 1;
				LastSwiftUpdateCheck = 1420;
				LastUpgradeCheck = 1420;
				TargetAttributes = {
					5E32FC0D296955910010A376 = {
						CreatedOnToolsVersion = 14.2;
					};
					5E32FC23296955930010A376 = {
						CreatedOnToolsVersion = 14.2;
						TestTargetID = 5E32FC0D296955910010A376;
					};
					5E32FC2D296955930010A376 = {
						CreatedOnToolsVersion = 14.2;
						TestTargetID = 5E32FC0D296955910010A376;
					};
				};
			};
			buildConfigurationList = 5E32FC09296955910010A376 /* Build configuration list for PBXProject "UMC_iOS_Ver_1" */;
			compatibilityVersion = "Xcode 14.0";
			developmentRegion = en;
			hasScannedForEncodings = 0;
			knownRegions = (
				en,
				Base,
			);
			mainGroup = 5E32FC05296955910010A376;
			packageReferences = (
				89C31EE0296DB73D00CBF249 /* XCRemoteSwiftPackageReference "Tabman" */,
				89CD521929744C1300E1F424 /* XCRemoteSwiftPackageReference "Charts" */,
				89EACA082987A12B003ACDD6 /* XCRemoteSwiftPackageReference "HPParallaxHeader" */,
			);
			productRefGroup = 5E32FC0F296955910010A376 /* Products */;
			projectDirPath = "";
			projectRoot = "";
			targets = (
				5E32FC0D296955910010A376 /* UMC_iOS_Ver_1 */,
				5E32FC23296955930010A376 /* UMC_iOS_Ver_1Tests */,
				5E32FC2D296955930010A376 /* UMC_iOS_Ver_1UITests */,
			);
		};
/* End PBXProject section */

/* Begin PBXResourcesBuildPhase section */
		5E32FC0C296955910010A376 /* Resources */ = {
			isa = PBXResourcesBuildPhase;
			buildActionMask = 2147483647;
			files = (
				898B502829907E8300D40E69 /* UserPage.storyboard in Resources */,
				896F42E829869F7B00677A05 /* MyPageStorageTableHeaderView.xib in Resources */,
				218DA90D297084B200D76C03 /* ForumTableViewCell.xib in Resources */,
				21D4B6E429791A8200D7B485 /* ReportAlert.storyboard in Resources */,
				210A9E8E29714B100063972B /* SearchKeywordTableViewCell.xib in Resources */,
				218DA90E297084B200D76C03 /* BestForumTableViewCell.xib in Resources */,
				21A6B4B52980FED300F084F6 /* PostCommentsTableViewCell.xib in Resources */,
				216023A429708131009DA16E /* Home.storyboard in Resources */,
				89028EC2296C6B3800B28DB7 /* ScriptEdit.storyboard in Resources */,
				21EB2F84297FD47600259C6D /* UserProfileTableViewCell.xib in Resources */,
				89C31EE5296DBDD000CBF249 /* ScriptPracticeRecord.storyboard in Resources */,
				5E32FC6329695CF20010A376 /* ScriptPractice.storyboard in Resources */,
				21A6B4A92980E70200F084F6 /* PostContentTableViewCell.xib in Resources */,
				211E919C29741B8E00BD406C /* AddPost.storyboard in Resources */,
				5E32FC6729695D060010A376 /* MyPage.storyboard in Resources */,
				895820F02987A8D600D95B18 /* MyPageProfileView.xib in Resources */,
				5E32FC1E296955930010A376 /* LaunchScreen.storyboard in Resources */,
				21A6B4B12980FA4B00F084F6 /* NumOfCommentsTableViewCell.xib in Resources */,
				2195E0F0297672AA00203C49 /* Report.storyboard in Resources */,
				896854B32975564200E70868 /* ScriptRecord.storyboard in Resources */,
				89CD521E29744CB900E1F424 /* ScriptPracticeRecordResult.storyboard in Resources */,
				89273C0B2977CAE600208B6D /* ScriptPT.storyboard in Resources */,
				5E32FC1B296955930010A376 /* Assets.xcassets in Resources */,
				898B502C299084BD00D40E69 /* UserPageSectionHeaderView.xib in Resources */,
				210A9E8429713D9B0063972B /* Search.storyboard in Resources */,
				5E32FC6529695CFC0010A376 /* InterviewPractice.storyboard in Resources */,
				895820FC2987E41600D95B18 /* MyPagePostTableViewCell.xib in Resources */,
				21A6B4AD2980F76A00F084F6 /* NumofLikesTableViewCell.xib in Resources */,
				218DA9062970847F00D76C03 /* BestForumCollectionViewCell.xib in Resources */,
				89C87D5D297EAD7500723E08 /* ScriptPracticeRecordEnd.storyboard in Resources */,
				2196C3882988F53700EFC282 /* SelectScript.storyboard in Resources */,
				8932B507297E814F0054D9A4 /* ScriptPracticeRecordRoading.storyboard in Resources */,
				213812402977A58700EC7B26 /* Post.storyboard in Resources */,
				5E32FC19296955910010A376 /* Main.storyboard in Resources */,
				21D1B40F29879A0300CDBE05 /* NestedCommentTableViewCell.xib in Resources */,
				89DCF50B2977060000CB2296 /* ScriptPracticeSet.storyboard in Resources */,
			);
			runOnlyForDeploymentPostprocessing = 0;
		};
		5E32FC22296955930010A376 /* Resources */ = {
			isa = PBXResourcesBuildPhase;
			buildActionMask = 2147483647;
			files = (
			);
			runOnlyForDeploymentPostprocessing = 0;
		};
		5E32FC2C296955930010A376 /* Resources */ = {
			isa = PBXResourcesBuildPhase;
			buildActionMask = 2147483647;
			files = (
			);
			runOnlyForDeploymentPostprocessing = 0;
		};
/* End PBXResourcesBuildPhase section */

/* Begin PBXShellScriptBuildPhase section */
		049BFC57FD9777AE3EDD4F0B /* [CP] Check Pods Manifest.lock */ = {
			isa = PBXShellScriptBuildPhase;
			buildActionMask = 2147483647;
			files = (
			);
			inputFileListPaths = (
			);
			inputPaths = (
				"${PODS_PODFILE_DIR_PATH}/Podfile.lock",
				"${PODS_ROOT}/Manifest.lock",
			);
			name = "[CP] Check Pods Manifest.lock";
			outputFileListPaths = (
			);
			outputPaths = (
				"$(DERIVED_FILE_DIR)/Pods-UMC_iOS_Ver_1-UMC_iOS_Ver_1UITests-checkManifestLockResult.txt",
			);
			runOnlyForDeploymentPostprocessing = 0;
			shellPath = /bin/sh;
			shellScript = "diff \"${PODS_PODFILE_DIR_PATH}/Podfile.lock\" \"${PODS_ROOT}/Manifest.lock\" > /dev/null\nif [ $? != 0 ] ; then\n    # print error to STDERR\n    echo \"error: The sandbox is not in sync with the Podfile.lock. Run 'pod install' or update your CocoaPods installation.\" >&2\n    exit 1\nfi\n# This output is used by Xcode 'outputs' to avoid re-running this script phase.\necho \"SUCCESS\" > \"${SCRIPT_OUTPUT_FILE_0}\"\n";
			showEnvVarsInLog = 0;
		};
		71D6A0B9467A0B10AC976932 /* [CP] Embed Pods Frameworks */ = {
			isa = PBXShellScriptBuildPhase;
			buildActionMask = 2147483647;
			files = (
			);
			inputFileListPaths = (
				"${PODS_ROOT}/Target Support Files/Pods-UMC_iOS_Ver_1-UMC_iOS_Ver_1UITests/Pods-UMC_iOS_Ver_1-UMC_iOS_Ver_1UITests-frameworks-${CONFIGURATION}-input-files.xcfilelist",
			);
			name = "[CP] Embed Pods Frameworks";
			outputFileListPaths = (
				"${PODS_ROOT}/Target Support Files/Pods-UMC_iOS_Ver_1-UMC_iOS_Ver_1UITests/Pods-UMC_iOS_Ver_1-UMC_iOS_Ver_1UITests-frameworks-${CONFIGURATION}-output-files.xcfilelist",
			);
			runOnlyForDeploymentPostprocessing = 0;
			shellPath = /bin/sh;
			shellScript = "\"${PODS_ROOT}/Target Support Files/Pods-UMC_iOS_Ver_1-UMC_iOS_Ver_1UITests/Pods-UMC_iOS_Ver_1-UMC_iOS_Ver_1UITests-frameworks.sh\"\n";
			showEnvVarsInLog = 0;
		};
		BE2381C69C40855F52BB21A1 /* [CP] Embed Pods Frameworks */ = {
			isa = PBXShellScriptBuildPhase;
			buildActionMask = 2147483647;
			files = (
			);
			inputFileListPaths = (
				"${PODS_ROOT}/Target Support Files/Pods-UMC_iOS_Ver_1/Pods-UMC_iOS_Ver_1-frameworks-${CONFIGURATION}-input-files.xcfilelist",
			);
			name = "[CP] Embed Pods Frameworks";
			outputFileListPaths = (
				"${PODS_ROOT}/Target Support Files/Pods-UMC_iOS_Ver_1/Pods-UMC_iOS_Ver_1-frameworks-${CONFIGURATION}-output-files.xcfilelist",
			);
			runOnlyForDeploymentPostprocessing = 0;
			shellPath = /bin/sh;
			shellScript = "\"${PODS_ROOT}/Target Support Files/Pods-UMC_iOS_Ver_1/Pods-UMC_iOS_Ver_1-frameworks.sh\"\n";
			showEnvVarsInLog = 0;
		};
		C981B7AEC5FD21594BD295AD /* [CP] Check Pods Manifest.lock */ = {
			isa = PBXShellScriptBuildPhase;
			buildActionMask = 2147483647;
			files = (
			);
			inputFileListPaths = (
			);
			inputPaths = (
				"${PODS_PODFILE_DIR_PATH}/Podfile.lock",
				"${PODS_ROOT}/Manifest.lock",
			);
			name = "[CP] Check Pods Manifest.lock";
			outputFileListPaths = (
			);
			outputPaths = (
				"$(DERIVED_FILE_DIR)/Pods-UMC_iOS_Ver_1Tests-checkManifestLockResult.txt",
			);
			runOnlyForDeploymentPostprocessing = 0;
			shellPath = /bin/sh;
			shellScript = "diff \"${PODS_PODFILE_DIR_PATH}/Podfile.lock\" \"${PODS_ROOT}/Manifest.lock\" > /dev/null\nif [ $? != 0 ] ; then\n    # print error to STDERR\n    echo \"error: The sandbox is not in sync with the Podfile.lock. Run 'pod install' or update your CocoaPods installation.\" >&2\n    exit 1\nfi\n# This output is used by Xcode 'outputs' to avoid re-running this script phase.\necho \"SUCCESS\" > \"${SCRIPT_OUTPUT_FILE_0}\"\n";
			showEnvVarsInLog = 0;
		};
		DBD34A5BC77D4B82F42FD66C /* [CP] Check Pods Manifest.lock */ = {
			isa = PBXShellScriptBuildPhase;
			buildActionMask = 2147483647;
			files = (
			);
			inputFileListPaths = (
			);
			inputPaths = (
				"${PODS_PODFILE_DIR_PATH}/Podfile.lock",
				"${PODS_ROOT}/Manifest.lock",
			);
			name = "[CP] Check Pods Manifest.lock";
			outputFileListPaths = (
			);
			outputPaths = (
				"$(DERIVED_FILE_DIR)/Pods-UMC_iOS_Ver_1-checkManifestLockResult.txt",
			);
			runOnlyForDeploymentPostprocessing = 0;
			shellPath = /bin/sh;
			shellScript = "diff \"${PODS_PODFILE_DIR_PATH}/Podfile.lock\" \"${PODS_ROOT}/Manifest.lock\" > /dev/null\nif [ $? != 0 ] ; then\n    # print error to STDERR\n    echo \"error: The sandbox is not in sync with the Podfile.lock. Run 'pod install' or update your CocoaPods installation.\" >&2\n    exit 1\nfi\n# This output is used by Xcode 'outputs' to avoid re-running this script phase.\necho \"SUCCESS\" > \"${SCRIPT_OUTPUT_FILE_0}\"\n";
			showEnvVarsInLog = 0;
		};
/* End PBXShellScriptBuildPhase section */

/* Begin PBXSourcesBuildPhase section */
		5E32FC0A296955910010A376 /* Sources */ = {
			isa = PBXSourcesBuildPhase;
			buildActionMask = 2147483647;
			files = (
				5E32FC16296955910010A376 /* HomeViewController.swift in Sources */,
				5E32FC6D29695DFF0010A376 /* MyPageViewController.swift in Sources */,
				5E32FC4D296957030010A376 /* UIColor.swift in Sources */,
				218DA910297084B200D76C03 /* BestForumTableViewCell.swift in Sources */,
				8971E9EA29890ED200DF6ACD /* PracticeQuestion.swift in Sources */,
				5E32FC4B296956EB0010A376 /* Date.swift in Sources */,
				89E0B03E29881C60007F6993 /* WriteScriptViewController.swift in Sources */,
				21A749BB2977AB4E00EBFE82 /* ViewControllerConstants.swift in Sources */,
				89E0B04129881C86007F6993 /* CreateNewScriptCell.swift in Sources */,
				5E32FC552969576A0010A376 /* UIViewController.swift in Sources */,
				5E32FC57296957840010A376 /* UIImageView.swift in Sources */,
				21D4B6E629791D3600D7B485 /* CustomAlertViewController.swift in Sources */,
				896854B52975565400E70868 /* ScriptRecordViewController.swift in Sources */,
				5E32FC552969576A0010A376 /* UIViewController.swift in Sources */,
				5E32FC57296957840010A376 /* UIImageView.swift in Sources */,
				21A6B4AC2980F76A00F084F6 /* NumofLikesTableViewCell.swift in Sources */,
				89CD522029744CC300E1F424 /* ScriptPracticeRecordResultViewController.swift in Sources */,
				21A6B4B02980FA4B00F084F6 /* NumOfCommentsTableViewCell.swift in Sources */,
				5E32FC51296957350010A376 /* String.swift in Sources */,
				897C634F2976B9BD00CCF25F /* ScriptRecordChartCollectionViewCell.swift in Sources */,
				89273C062977A80100208B6D /* ScriptPTCollectionViewCell.swift in Sources */,
				895820EE2987A8CC00D95B18 /* MyPageProfileView.swift in Sources */,
				5E32FC51296957350010A376 /* String.swift in Sources */,
				89273C082977B6DF00208B6D /* ScriptBottomSheetViewController.swift in Sources */,
				5E32FC12296955910010A376 /* AppDelegate.swift in Sources */,
				5E32FC532969574E0010A376 /* UIButton.swift in Sources */,
				210A9E8A29714A8A0063972B /* SearchContainerViewController.swift in Sources */,
				218DA90F297084B200D76C03 /* ForumTableViewCell.swift in Sources */,
				2196C38A2988F55A00EFC282 /* SelectScriptViewController.swift in Sources */,
				8932B509297E81580054D9A4 /* ScriptPracticeRecordRoadingViewController.swift in Sources */,
				89273C0D2977CAEF00208B6D /* ScriptPTViewController.swift in Sources */,
				2174690F29828662006B7950 /* PostCommentDataModel.swift in Sources */,
				898B502629907E6C00D40E69 /* UserPageViewController.swift in Sources */,
				89E0B03C29881C46007F6993 /* ScriptNavigationViewController.swift in Sources */,
				5E32FC14296955910010A376 /* SceneDelegate.swift in Sources */,
				898B50442990F2F700D40E69 /* NotificationViewController.swift in Sources */,
				21D1B40E29879A0300CDBE05 /* NestedCommentTableViewCell.swift in Sources */,
				89C87D5B297EAD7100723E08 /* ScriptPracticeRecordEndViewController.swift in Sources */,
				5E32FC5B296957BB0010A376 /* UITextField.swift in Sources */,
				210A9E8629713DC00063972B /* SearchViewController.swift in Sources */,
				5E32FC592969579B0010A376 /* UIFont.swift in Sources */,
				895820FE2987FBFA00D95B18 /* MyPageMyCommentViewController.swift in Sources */,
				89C31EE9296DD8CB00CBF249 /* ImageLabelBarButton.swift in Sources */,
				897C63512976BA6900CCF25F /* ScriptRecordMemoCollectionViewCell.swift in Sources */,
				898B50462990F74D00D40E69 /* NotificationTableViewCell.swift in Sources */,
				5E32FC45296956470010A376 /* Constant.swift in Sources */,
				895820FB2987E41600D95B18 /* MyPagePostTableViewCell.swift in Sources */,
				896F42EA29869FB100677A05 /* MyPageStorageTableHeaderView.swift in Sources */,
				218DA9052970847F00D76C03 /* BestForumCollectionViewCell.swift in Sources */,
				21A6B4B42980FED300F084F6 /* PostCommentsTableViewCell.swift in Sources */,
				898B502A2990849B00D40E69 /* UserPageSectionHeaderView.swift in Sources */,
				5E32FC6929695DE90010A376 /* ScriptPracticeViewController.swift in Sources */,
				895820F22987ACFA00D95B18 /* MyPageScrollViewController.swift in Sources */,
				896F42E529869C4800677A05 /* MyPageStorageViewController.swift in Sources */,
				21EB2F83297FD47600259C6D /* UserProfileTableViewCell.swift in Sources */,
				89E0B04329881C97007F6993 /* ScriptListTableViewCell.swift in Sources */,
				2133B7A5297419290037D85D /* AddPostViewController.swift in Sources */,
				21348A1B297677F4002190E5 /* ReportViewController.swift in Sources */,
				21A6B4A82980E70200F084F6 /* PostContentTableViewCell.swift in Sources */,
				89EACA0529878345003ACDD6 /* MyPageStorageTableViewCell.swift in Sources */,
				210A9E8829714A660063972B /* SearchHistoryDataModel.swift in Sources */,
				895820F42987D79D00D95B18 /* MyPageMyPostViewController.swift in Sources */,
				210A9E8D29714B100063972B /* SearchKeywordTableViewCell.swift in Sources */,
				89DCF50D2977060500CB2296 /* ScriptPracticeSetViewController.swift in Sources */,
				5E32FC6929695DE90010A376 /* ScriptPracticeViewController.swift in Sources */,
				897C634B2976B81C00CCF25F /* ScriptRecordCollectionReusableView.swift in Sources */,
				89E0B03A29881C2E007F6993 /* CreateNewScriptViewController.swift in Sources */,
				5E32FC48296956A40010A376 /* IndicatorView.swift in Sources */,
				897C634D2976B88E00CCF25F /* ScriptRecordResultCollectionViewCell.swift in Sources */,
				5E32FC6B29695DF60010A376 /* InterviewPracticeViewController.swift in Sources */,
				218DA908297084A700D76C03 /* BestForumDataModel.swift in Sources */,
				5E32FC4F296957170010A376 /* CustomSegmentedControl.swift in Sources */,
				89028EC4296C6B5900B28DB7 /* ScriptEditTabmanViewController.swift in Sources */,
				89C31EE7296DBDD900CBF249 /* ScriptPracticeRecordViewController.swift in Sources */,
				5E32FC5D296957CE0010A376 /* CustomTextField.swift in Sources */,
				213812422977A5A800EC7B26 /* PostViewController.swift in Sources */,
			);
			runOnlyForDeploymentPostprocessing = 0;
		};
		5E32FC20296955930010A376 /* Sources */ = {
			isa = PBXSourcesBuildPhase;
			buildActionMask = 2147483647;
			files = (
				5E32FC29296955930010A376 /* UMC_iOS_Ver_1Tests.swift in Sources */,
			);
			runOnlyForDeploymentPostprocessing = 0;
		};
		5E32FC2A296955930010A376 /* Sources */ = {
			isa = PBXSourcesBuildPhase;
			buildActionMask = 2147483647;
			files = (
				5E32FC35296955930010A376 /* UMC_iOS_Ver_1UITestsLaunchTests.swift in Sources */,
				5E32FC33296955930010A376 /* UMC_iOS_Ver_1UITests.swift in Sources */,
			);
			runOnlyForDeploymentPostprocessing = 0;
		};
/* End PBXSourcesBuildPhase section */

/* Begin PBXTargetDependency section */
		5E32FC26296955930010A376 /* PBXTargetDependency */ = {
			isa = PBXTargetDependency;
			target = 5E32FC0D296955910010A376 /* UMC_iOS_Ver_1 */;
			targetProxy = 5E32FC25296955930010A376 /* PBXContainerItemProxy */;
		};
		5E32FC30296955930010A376 /* PBXTargetDependency */ = {
			isa = PBXTargetDependency;
			target = 5E32FC0D296955910010A376 /* UMC_iOS_Ver_1 */;
			targetProxy = 5E32FC2F296955930010A376 /* PBXContainerItemProxy */;
		};
/* End PBXTargetDependency section */

/* Begin PBXVariantGroup section */
		5E32FC17296955910010A376 /* Main.storyboard */ = {
			isa = PBXVariantGroup;
			children = (
				5E32FC18296955910010A376 /* Base */,
			);
			name = Main.storyboard;
			sourceTree = "<group>";
		};
		5E32FC1C296955930010A376 /* LaunchScreen.storyboard */ = {
			isa = PBXVariantGroup;
			children = (
				5E32FC1D296955930010A376 /* Base */,
			);
			name = LaunchScreen.storyboard;
			sourceTree = "<group>";
		};
/* End PBXVariantGroup section */

/* Begin XCBuildConfiguration section */
		5E32FC36296955930010A376 /* Debug */ = {
			isa = XCBuildConfiguration;
			buildSettings = {
				ALWAYS_SEARCH_USER_PATHS = NO;
				CLANG_ANALYZER_NONNULL = YES;
				CLANG_ANALYZER_NUMBER_OBJECT_CONVERSION = YES_AGGRESSIVE;
				CLANG_CXX_LANGUAGE_STANDARD = "gnu++20";
				CLANG_ENABLE_MODULES = YES;
				CLANG_ENABLE_OBJC_ARC = YES;
				CLANG_ENABLE_OBJC_WEAK = YES;
				CLANG_WARN_BLOCK_CAPTURE_AUTORELEASING = YES;
				CLANG_WARN_BOOL_CONVERSION = YES;
				CLANG_WARN_COMMA = YES;
				CLANG_WARN_CONSTANT_CONVERSION = YES;
				CLANG_WARN_DEPRECATED_OBJC_IMPLEMENTATIONS = YES;
				CLANG_WARN_DIRECT_OBJC_ISA_USAGE = YES_ERROR;
				CLANG_WARN_DOCUMENTATION_COMMENTS = YES;
				CLANG_WARN_EMPTY_BODY = YES;
				CLANG_WARN_ENUM_CONVERSION = YES;
				CLANG_WARN_INFINITE_RECURSION = YES;
				CLANG_WARN_INT_CONVERSION = YES;
				CLANG_WARN_NON_LITERAL_NULL_CONVERSION = YES;
				CLANG_WARN_OBJC_IMPLICIT_RETAIN_SELF = YES;
				CLANG_WARN_OBJC_LITERAL_CONVERSION = YES;
				CLANG_WARN_OBJC_ROOT_CLASS = YES_ERROR;
				CLANG_WARN_QUOTED_INCLUDE_IN_FRAMEWORK_HEADER = YES;
				CLANG_WARN_RANGE_LOOP_ANALYSIS = YES;
				CLANG_WARN_STRICT_PROTOTYPES = YES;
				CLANG_WARN_SUSPICIOUS_MOVE = YES;
				CLANG_WARN_UNGUARDED_AVAILABILITY = YES_AGGRESSIVE;
				CLANG_WARN_UNREACHABLE_CODE = YES;
				CLANG_WARN__DUPLICATE_METHOD_MATCH = YES;
				COPY_PHASE_STRIP = NO;
				DEBUG_INFORMATION_FORMAT = dwarf;
				ENABLE_STRICT_OBJC_MSGSEND = YES;
				ENABLE_TESTABILITY = YES;
				GCC_C_LANGUAGE_STANDARD = gnu11;
				GCC_DYNAMIC_NO_PIC = NO;
				GCC_NO_COMMON_BLOCKS = YES;
				GCC_OPTIMIZATION_LEVEL = 0;
				GCC_PREPROCESSOR_DEFINITIONS = (
					"DEBUG=1",
					"$(inherited)",
				);
				GCC_WARN_64_TO_32_BIT_CONVERSION = YES;
				GCC_WARN_ABOUT_RETURN_TYPE = YES_ERROR;
				GCC_WARN_UNDECLARED_SELECTOR = YES;
				GCC_WARN_UNINITIALIZED_AUTOS = YES_AGGRESSIVE;
				GCC_WARN_UNUSED_FUNCTION = YES;
				GCC_WARN_UNUSED_VARIABLE = YES;
				IPHONEOS_DEPLOYMENT_TARGET = 16.2;
				MTL_ENABLE_DEBUG_INFO = INCLUDE_SOURCE;
				MTL_FAST_MATH = YES;
				ONLY_ACTIVE_ARCH = YES;
				SDKROOT = iphoneos;
				SWIFT_ACTIVE_COMPILATION_CONDITIONS = DEBUG;
				SWIFT_OPTIMIZATION_LEVEL = "-Onone";
			};
			name = Debug;
		};
		5E32FC37296955930010A376 /* Release */ = {
			isa = XCBuildConfiguration;
			buildSettings = {
				ALWAYS_SEARCH_USER_PATHS = NO;
				CLANG_ANALYZER_NONNULL = YES;
				CLANG_ANALYZER_NUMBER_OBJECT_CONVERSION = YES_AGGRESSIVE;
				CLANG_CXX_LANGUAGE_STANDARD = "gnu++20";
				CLANG_ENABLE_MODULES = YES;
				CLANG_ENABLE_OBJC_ARC = YES;
				CLANG_ENABLE_OBJC_WEAK = YES;
				CLANG_WARN_BLOCK_CAPTURE_AUTORELEASING = YES;
				CLANG_WARN_BOOL_CONVERSION = YES;
				CLANG_WARN_COMMA = YES;
				CLANG_WARN_CONSTANT_CONVERSION = YES;
				CLANG_WARN_DEPRECATED_OBJC_IMPLEMENTATIONS = YES;
				CLANG_WARN_DIRECT_OBJC_ISA_USAGE = YES_ERROR;
				CLANG_WARN_DOCUMENTATION_COMMENTS = YES;
				CLANG_WARN_EMPTY_BODY = YES;
				CLANG_WARN_ENUM_CONVERSION = YES;
				CLANG_WARN_INFINITE_RECURSION = YES;
				CLANG_WARN_INT_CONVERSION = YES;
				CLANG_WARN_NON_LITERAL_NULL_CONVERSION = YES;
				CLANG_WARN_OBJC_IMPLICIT_RETAIN_SELF = YES;
				CLANG_WARN_OBJC_LITERAL_CONVERSION = YES;
				CLANG_WARN_OBJC_ROOT_CLASS = YES_ERROR;
				CLANG_WARN_QUOTED_INCLUDE_IN_FRAMEWORK_HEADER = YES;
				CLANG_WARN_RANGE_LOOP_ANALYSIS = YES;
				CLANG_WARN_STRICT_PROTOTYPES = YES;
				CLANG_WARN_SUSPICIOUS_MOVE = YES;
				CLANG_WARN_UNGUARDED_AVAILABILITY = YES_AGGRESSIVE;
				CLANG_WARN_UNREACHABLE_CODE = YES;
				CLANG_WARN__DUPLICATE_METHOD_MATCH = YES;
				COPY_PHASE_STRIP = NO;
				DEBUG_INFORMATION_FORMAT = "dwarf-with-dsym";
				ENABLE_NS_ASSERTIONS = NO;
				ENABLE_STRICT_OBJC_MSGSEND = YES;
				GCC_C_LANGUAGE_STANDARD = gnu11;
				GCC_NO_COMMON_BLOCKS = YES;
				GCC_WARN_64_TO_32_BIT_CONVERSION = YES;
				GCC_WARN_ABOUT_RETURN_TYPE = YES_ERROR;
				GCC_WARN_UNDECLARED_SELECTOR = YES;
				GCC_WARN_UNINITIALIZED_AUTOS = YES_AGGRESSIVE;
				GCC_WARN_UNUSED_FUNCTION = YES;
				GCC_WARN_UNUSED_VARIABLE = YES;
				IPHONEOS_DEPLOYMENT_TARGET = 16.2;
				MTL_ENABLE_DEBUG_INFO = NO;
				MTL_FAST_MATH = YES;
				SDKROOT = iphoneos;
				SWIFT_COMPILATION_MODE = wholemodule;
				SWIFT_OPTIMIZATION_LEVEL = "-O";
				VALIDATE_PRODUCT = YES;
			};
			name = Release;
		};
		5E32FC39296955930010A376 /* Debug */ = {
			isa = XCBuildConfiguration;
			baseConfigurationReference = BE1B10E59B9F8AA3D6921249 /* Pods-UMC_iOS_Ver_1.debug.xcconfig */;
			buildSettings = {
				ASSETCATALOG_COMPILER_APPICON_NAME = AppIcon;
				ASSETCATALOG_COMPILER_GLOBAL_ACCENT_COLOR_NAME = AccentColor;
				CODE_SIGN_STYLE = Automatic;
				CURRENT_PROJECT_VERSION = 1;
				DEVELOPMENT_TEAM = GQ32Z7HX7N;
				GENERATE_INFOPLIST_FILE = YES;
				INFOPLIST_FILE = UMC_iOS_Ver_1/Info.plist;
				INFOPLIST_KEY_UIApplicationSupportsIndirectInputEvents = YES;
				INFOPLIST_KEY_UILaunchStoryboardName = LaunchScreen;
				INFOPLIST_KEY_UIMainStoryboardFile = Main;
				INFOPLIST_KEY_UISupportedInterfaceOrientations_iPad = "UIInterfaceOrientationPortrait UIInterfaceOrientationPortraitUpsideDown UIInterfaceOrientationLandscapeLeft UIInterfaceOrientationLandscapeRight";
				INFOPLIST_KEY_UISupportedInterfaceOrientations_iPhone = "UIInterfaceOrientationPortrait UIInterfaceOrientationLandscapeLeft UIInterfaceOrientationLandscapeRight";
				LD_RUNPATH_SEARCH_PATHS = (
					"$(inherited)",
					"@executable_path/Frameworks",
				);
				MARKETING_VERSION = 1.0;
				PRODUCT_BUNDLE_IDENTIFIER = "io--shintaewon.velog.UMC-iOS-Ver-1";
				PRODUCT_NAME = "$(TARGET_NAME)";
				SWIFT_EMIT_LOC_STRINGS = YES;
				SWIFT_VERSION = 5.0;
				TARGETED_DEVICE_FAMILY = "1,2";
			};
			name = Debug;
		};
		5E32FC3A296955930010A376 /* Release */ = {
			isa = XCBuildConfiguration;
			baseConfigurationReference = E33296865E5A34A1A08AF1F4 /* Pods-UMC_iOS_Ver_1.release.xcconfig */;
			buildSettings = {
				ASSETCATALOG_COMPILER_APPICON_NAME = AppIcon;
				ASSETCATALOG_COMPILER_GLOBAL_ACCENT_COLOR_NAME = AccentColor;
				CODE_SIGN_STYLE = Automatic;
				CURRENT_PROJECT_VERSION = 1;
				DEVELOPMENT_TEAM = GQ32Z7HX7N;
				GENERATE_INFOPLIST_FILE = YES;
				INFOPLIST_FILE = UMC_iOS_Ver_1/Info.plist;
				INFOPLIST_KEY_UIApplicationSupportsIndirectInputEvents = YES;
				INFOPLIST_KEY_UILaunchStoryboardName = LaunchScreen;
				INFOPLIST_KEY_UIMainStoryboardFile = Main;
				INFOPLIST_KEY_UISupportedInterfaceOrientations_iPad = "UIInterfaceOrientationPortrait UIInterfaceOrientationPortraitUpsideDown UIInterfaceOrientationLandscapeLeft UIInterfaceOrientationLandscapeRight";
				INFOPLIST_KEY_UISupportedInterfaceOrientations_iPhone = "UIInterfaceOrientationPortrait UIInterfaceOrientationLandscapeLeft UIInterfaceOrientationLandscapeRight";
				LD_RUNPATH_SEARCH_PATHS = (
					"$(inherited)",
					"@executable_path/Frameworks",
				);
				MARKETING_VERSION = 1.0;
				PRODUCT_BUNDLE_IDENTIFIER = "io--shintaewon.velog.UMC-iOS-Ver-1";
				PRODUCT_NAME = "$(TARGET_NAME)";
				SWIFT_EMIT_LOC_STRINGS = YES;
				SWIFT_VERSION = 5.0;
				TARGETED_DEVICE_FAMILY = "1,2";
			};
			name = Release;
		};
		5E32FC3C296955930010A376 /* Debug */ = {
			isa = XCBuildConfiguration;
			baseConfigurationReference = A0DB99903F02E1B48D715375 /* Pods-UMC_iOS_Ver_1Tests.debug.xcconfig */;
			buildSettings = {
				ALWAYS_EMBED_SWIFT_STANDARD_LIBRARIES = YES;
				BUNDLE_LOADER = "$(TEST_HOST)";
				CODE_SIGN_STYLE = Automatic;
				CURRENT_PROJECT_VERSION = 1;
				DEVELOPMENT_TEAM = GQ32Z7HX7N;
				GENERATE_INFOPLIST_FILE = YES;
				IPHONEOS_DEPLOYMENT_TARGET = 16.2;
				MARKETING_VERSION = 1.0;
				PRODUCT_BUNDLE_IDENTIFIER = "io--shintaewon.velog.UMC-iOS-Ver-1Tests";
				PRODUCT_NAME = "$(TARGET_NAME)";
				SWIFT_EMIT_LOC_STRINGS = NO;
				SWIFT_VERSION = 5.0;
				TARGETED_DEVICE_FAMILY = "1,2";
				TEST_HOST = "$(BUILT_PRODUCTS_DIR)/UMC_iOS_Ver_1.app/$(BUNDLE_EXECUTABLE_FOLDER_PATH)/UMC_iOS_Ver_1";
			};
			name = Debug;
		};
		5E32FC3D296955930010A376 /* Release */ = {
			isa = XCBuildConfiguration;
			baseConfigurationReference = 9605E6568465799CFD279686 /* Pods-UMC_iOS_Ver_1Tests.release.xcconfig */;
			buildSettings = {
				ALWAYS_EMBED_SWIFT_STANDARD_LIBRARIES = YES;
				BUNDLE_LOADER = "$(TEST_HOST)";
				CODE_SIGN_STYLE = Automatic;
				CURRENT_PROJECT_VERSION = 1;
				DEVELOPMENT_TEAM = GQ32Z7HX7N;
				GENERATE_INFOPLIST_FILE = YES;
				IPHONEOS_DEPLOYMENT_TARGET = 16.2;
				MARKETING_VERSION = 1.0;
				PRODUCT_BUNDLE_IDENTIFIER = "io--shintaewon.velog.UMC-iOS-Ver-1Tests";
				PRODUCT_NAME = "$(TARGET_NAME)";
				SWIFT_EMIT_LOC_STRINGS = NO;
				SWIFT_VERSION = 5.0;
				TARGETED_DEVICE_FAMILY = "1,2";
				TEST_HOST = "$(BUILT_PRODUCTS_DIR)/UMC_iOS_Ver_1.app/$(BUNDLE_EXECUTABLE_FOLDER_PATH)/UMC_iOS_Ver_1";
			};
			name = Release;
		};
		5E32FC3F296955930010A376 /* Debug */ = {
			isa = XCBuildConfiguration;
			baseConfigurationReference = 5E64DE603605238BE8969A94 /* Pods-UMC_iOS_Ver_1-UMC_iOS_Ver_1UITests.debug.xcconfig */;
			buildSettings = {
				ALWAYS_EMBED_SWIFT_STANDARD_LIBRARIES = YES;
				CODE_SIGN_STYLE = Automatic;
				CURRENT_PROJECT_VERSION = 1;
				DEVELOPMENT_TEAM = GQ32Z7HX7N;
				GENERATE_INFOPLIST_FILE = YES;
				MARKETING_VERSION = 1.0;
				PRODUCT_BUNDLE_IDENTIFIER = "io--shintaewon.velog.UMC-iOS-Ver-1UITests";
				PRODUCT_NAME = "$(TARGET_NAME)";
				SWIFT_EMIT_LOC_STRINGS = NO;
				SWIFT_VERSION = 5.0;
				TARGETED_DEVICE_FAMILY = "1,2";
				TEST_TARGET_NAME = UMC_iOS_Ver_1;
			};
			name = Debug;
		};
		5E32FC40296955930010A376 /* Release */ = {
			isa = XCBuildConfiguration;
			baseConfigurationReference = 115721E48858FB989E25E292 /* Pods-UMC_iOS_Ver_1-UMC_iOS_Ver_1UITests.release.xcconfig */;
			buildSettings = {
				ALWAYS_EMBED_SWIFT_STANDARD_LIBRARIES = YES;
				CODE_SIGN_STYLE = Automatic;
				CURRENT_PROJECT_VERSION = 1;
				DEVELOPMENT_TEAM = GQ32Z7HX7N;
				GENERATE_INFOPLIST_FILE = YES;
				MARKETING_VERSION = 1.0;
				PRODUCT_BUNDLE_IDENTIFIER = "io--shintaewon.velog.UMC-iOS-Ver-1UITests";
				PRODUCT_NAME = "$(TARGET_NAME)";
				SWIFT_EMIT_LOC_STRINGS = NO;
				SWIFT_VERSION = 5.0;
				TARGETED_DEVICE_FAMILY = "1,2";
				TEST_TARGET_NAME = UMC_iOS_Ver_1;
			};
			name = Release;
		};
/* End XCBuildConfiguration section */

/* Begin XCConfigurationList section */
		5E32FC09296955910010A376 /* Build configuration list for PBXProject "UMC_iOS_Ver_1" */ = {
			isa = XCConfigurationList;
			buildConfigurations = (
				5E32FC36296955930010A376 /* Debug */,
				5E32FC37296955930010A376 /* Release */,
			);
			defaultConfigurationIsVisible = 0;
			defaultConfigurationName = Release;
		};
		5E32FC38296955930010A376 /* Build configuration list for PBXNativeTarget "UMC_iOS_Ver_1" */ = {
			isa = XCConfigurationList;
			buildConfigurations = (
				5E32FC39296955930010A376 /* Debug */,
				5E32FC3A296955930010A376 /* Release */,
			);
			defaultConfigurationIsVisible = 0;
			defaultConfigurationName = Release;
		};
		5E32FC3B296955930010A376 /* Build configuration list for PBXNativeTarget "UMC_iOS_Ver_1Tests" */ = {
			isa = XCConfigurationList;
			buildConfigurations = (
				5E32FC3C296955930010A376 /* Debug */,
				5E32FC3D296955930010A376 /* Release */,
			);
			defaultConfigurationIsVisible = 0;
			defaultConfigurationName = Release;
		};
		5E32FC3E296955930010A376 /* Build configuration list for PBXNativeTarget "UMC_iOS_Ver_1UITests" */ = {
			isa = XCConfigurationList;
			buildConfigurations = (
				5E32FC3F296955930010A376 /* Debug */,
				5E32FC40296955930010A376 /* Release */,
			);
			defaultConfigurationIsVisible = 0;
			defaultConfigurationName = Release;
		};
/* End XCConfigurationList section */

/* Begin XCRemoteSwiftPackageReference section */
		89C31EE0296DB73D00CBF249 /* XCRemoteSwiftPackageReference "Tabman" */ = {
			isa = XCRemoteSwiftPackageReference;
			repositoryURL = "https://github.com/uias/Tabman";
			requirement = {
				branch = main;
				kind = branch;
			};
		};
		89CD521929744C1300E1F424 /* XCRemoteSwiftPackageReference "Charts" */ = {
			isa = XCRemoteSwiftPackageReference;
			repositoryURL = "https://github.com/danielgindi/Charts.git";
			requirement = {
				branch = master;
				kind = branch;
			};
		};
		89EACA082987A12B003ACDD6 /* XCRemoteSwiftPackageReference "HPParallaxHeader" */ = {
			isa = XCRemoteSwiftPackageReference;
			repositoryURL = "https://github.com/ngochiencse/HPParallaxHeader";
			requirement = {
				kind = upToNextMajorVersion;
				minimumVersion = 1.0.0;
			};
		};
/* End XCRemoteSwiftPackageReference section */

/* Begin XCSwiftPackageProductDependency section */
		89C31EE1296DB73D00CBF249 /* Tabman */ = {
			isa = XCSwiftPackageProductDependency;
			package = 89C31EE0296DB73D00CBF249 /* XCRemoteSwiftPackageReference "Tabman" */;
			productName = Tabman;
		};
		89CD521A29744C1300E1F424 /* Charts */ = {
			isa = XCSwiftPackageProductDependency;
			package = 89CD521929744C1300E1F424 /* XCRemoteSwiftPackageReference "Charts" */;
			productName = Charts;
		};
		89EACA092987A12B003ACDD6 /* HPParallaxHeader */ = {
			isa = XCSwiftPackageProductDependency;
			package = 89EACA082987A12B003ACDD6 /* XCRemoteSwiftPackageReference "HPParallaxHeader" */;
			productName = HPParallaxHeader;
		};
/* End XCSwiftPackageProductDependency section */
	};
	rootObject = 5E32FC06296955910010A376 /* Project object */;
}
